
Microsoft Visual Studio Solution File, Format Version 12.00
# Visual Studio 15
VisualStudioVersion = 15.0.26228.4
MinimumVisualStudioVersion = 10.0.40219.1
Project("{FAE04EC0-301F-11D3-BF4B-00C04F79EFBC}") = "AndroidTest.Droid", "Droid\AndroidTest.Droid.csproj", "{25F45252-8991-4985-A7F9-4866BA8E09F2}"
EndProject
Project("{FAE04EC0-301F-11D3-BF4B-00C04F79EFBC}") = "CampfireNet.Core", "CampfireNet.Core\CampfireNet.Core.csproj", "{74987653-09DA-4274-BEC8-759F95BC9836}"
EndProject
Project("{FAE04EC0-301F-11D3-BF4B-00C04F79EFBC}") = "CampfireNet.Utilities", "CampfireNet.Utilities\CampfireNet.Utilities.csproj", "{2B952A46-062B-4238-933F-923BC8E77FC9}"
EndProject
Project("{2150E333-8FDC-42A3-9474-1A3956D46DE8}") = "Solution Items", "Solution Items", "{2DA4F66E-3BC4-48FC-B8CA-F7B2E2F397F2}"
	ProjectSection(SolutionItems) = preProject
		Scratch.txt = Scratch.txt
	EndProjectSection
EndProject
Project("{FAE04EC0-301F-11D3-BF4B-00C04F79EFBC}") = "CampfireNet.Identities", "CampfireNet.Identities\CampfireNet.Identities.csproj", "{0DB822BC-FAD9-496B-AC8E-F880B02A4590}"
EndProject
Project("{FAE04EC0-301F-11D3-BF4B-00C04F79EFBC}") = "CampfireNet.Android", "CampfireNet.Android\CampfireNet.Android.csproj", "{F8783A31-77C7-4C52-9E13-698FE20DC4A3}"
EndProject
Project("{FAE04EC0-301F-11D3-BF4B-00C04F79EFBC}") = "CampfireChat.Core", "CampfireChat.Core\CampfireChat.Core.csproj", "{08295E02-DE64-41DF-B647-C6A8716CE816}"
EndProject
Project("{FAE04EC0-301F-11D3-BF4B-00C04F79EFBC}") = "CampfireChat", "CampfireChat\CampfireChat.csproj", "{B418C3D4-ACDC-4CF1-9EBC-670F88A6959C}"
EndProject
Project("{9344BDBB-3E7F-41FC-A0DD-8665D75EE146}") = "scratchpad-android", "scratchpad-android\scratchpad-android.csproj", "{D340F266-CC0D-420B-A4C1-CAE59D7981CA}"
EndProject
Project("{9344BDBB-3E7F-41FC-A0DD-8665D75EE146}") = "AndroidTest", "AndroidTest\AndroidTest.csproj", "{B4A73CE3-18ED-49AC-B87A-8ABBD51F923B}"
EndProject
Project("{9344BDBB-3E7F-41FC-A0DD-8665D75EE146}") = "identities-test-mac", "identities-test-mac\identities-test-mac.csproj", "{F2492FFE-DEF1-436F-8FB8-BCE87BC0686C}"
EndProject
Project("{9344BDBB-3E7F-41FC-A0DD-8665D75EE146}") = "AndroidThrowaway", "AndroidThrowaway\AndroidThrowaway.csproj", "{CE9919C5-4E94-4B4F-840B-C42C00E57DFD}"
EndProject
Project("{9344BDBB-3E7F-41FC-A0DD-8665D75EE146}") = "ExampleConsoleAppNetFramework", "ExampleConsoleAppNetFramework\ExampleConsoleAppNetFramework.csproj", "{DCDB3A52-AE5D-47A3-9663-912FB9F73671}"
EndProject
Project("{9344BDBB-3E7F-41FC-A0DD-8665D75EE146}") = "AndroidTest.iOS", "iOS\AndroidTest.iOS.csproj", "{208535E4-3B15-4CD6-A9BD-ECAE622CDD23}"
EndProject
Project("{9344BDBB-3E7F-41FC-A0DD-8665D75EE146}") = "CampfireNet.Simulator.Windows", "CampfireNet.Simulator.Windows\CampfireNet.Simulator.Windows.csproj", "{19119DDF-31BA-47E9-AFB6-2A40646981A9}"
EndProject
Project("{9344BDBB-3E7F-41FC-A0DD-8665D75EE146}") = "CampfireNet.Windows", "CampfireNet.Windows\CampfireNet.Windows.csproj", "{B0AC954A-9BA5-461B-8972-2E315F3017DC}"
EndProject
Global
	GlobalSection(SolutionConfigurationPlatforms) = preSolution
		Debug|Any CPU = Debug|Any CPU
		Debug|iPhone = Debug|iPhone
		Debug|iPhoneSimulator = Debug|iPhoneSimulator
		Debug|x64 = Debug|x64
		Debug|x86 = Debug|x86
		Release|Any CPU = Release|Any CPU
		Release|iPhone = Release|iPhone
		Release|iPhoneSimulator = Release|iPhoneSimulator
		Release|x64 = Release|x64
		Release|x86 = Release|x86
	EndGlobalSection
	GlobalSection(ProjectConfigurationPlatforms) = postSolution
		{25F45252-8991-4985-A7F9-4866BA8E09F2}.Debug|Any CPU.ActiveCfg = Debug|Any CPU
		{25F45252-8991-4985-A7F9-4866BA8E09F2}.Debug|Any CPU.Build.0 = Debug|Any CPU
		{25F45252-8991-4985-A7F9-4866BA8E09F2}.Debug|Any CPU.Deploy.0 = Debug|Any CPU
		{25F45252-8991-4985-A7F9-4866BA8E09F2}.Debug|iPhone.ActiveCfg = Debug|Any CPU
		{25F45252-8991-4985-A7F9-4866BA8E09F2}.Debug|iPhone.Build.0 = Debug|Any CPU
		{25F45252-8991-4985-A7F9-4866BA8E09F2}.Debug|iPhoneSimulator.ActiveCfg = Debug|Any CPU
		{25F45252-8991-4985-A7F9-4866BA8E09F2}.Debug|iPhoneSimulator.Build.0 = Debug|Any CPU
		{25F45252-8991-4985-A7F9-4866BA8E09F2}.Debug|x64.ActiveCfg = Debug|Any CPU
		{25F45252-8991-4985-A7F9-4866BA8E09F2}.Debug|x64.Build.0 = Debug|Any CPU
		{25F45252-8991-4985-A7F9-4866BA8E09F2}.Debug|x64.Deploy.0 = Debug|Any CPU
		{25F45252-8991-4985-A7F9-4866BA8E09F2}.Debug|x86.ActiveCfg = Debug|Any CPU
		{25F45252-8991-4985-A7F9-4866BA8E09F2}.Debug|x86.Build.0 = Debug|Any CPU
		{25F45252-8991-4985-A7F9-4866BA8E09F2}.Release|Any CPU.ActiveCfg = Release|Any CPU
		{25F45252-8991-4985-A7F9-4866BA8E09F2}.Release|Any CPU.Build.0 = Release|Any CPU
		{25F45252-8991-4985-A7F9-4866BA8E09F2}.Release|Any CPU.Deploy.0 = Release|Any CPU
		{25F45252-8991-4985-A7F9-4866BA8E09F2}.Release|iPhone.ActiveCfg = Release|Any CPU
		{25F45252-8991-4985-A7F9-4866BA8E09F2}.Release|iPhone.Build.0 = Release|Any CPU
		{25F45252-8991-4985-A7F9-4866BA8E09F2}.Release|iPhoneSimulator.ActiveCfg = Release|Any CPU
		{25F45252-8991-4985-A7F9-4866BA8E09F2}.Release|iPhoneSimulator.Build.0 = Release|Any CPU
		{25F45252-8991-4985-A7F9-4866BA8E09F2}.Release|x64.ActiveCfg = Release|Any CPU
		{25F45252-8991-4985-A7F9-4866BA8E09F2}.Release|x64.Build.0 = Release|Any CPU
		{25F45252-8991-4985-A7F9-4866BA8E09F2}.Release|x64.Deploy.0 = Release|Any CPU
		{25F45252-8991-4985-A7F9-4866BA8E09F2}.Release|x86.ActiveCfg = Release|Any CPU
		{25F45252-8991-4985-A7F9-4866BA8E09F2}.Release|x86.Build.0 = Release|Any CPU
		{74987653-09DA-4274-BEC8-759F95BC9836}.Debug|Any CPU.ActiveCfg = Debug|Any CPU
		{74987653-09DA-4274-BEC8-759F95BC9836}.Debug|Any CPU.Build.0 = Debug|Any CPU
		{74987653-09DA-4274-BEC8-759F95BC9836}.Debug|iPhone.ActiveCfg = Debug|Any CPU
		{74987653-09DA-4274-BEC8-759F95BC9836}.Debug|iPhone.Build.0 = Debug|Any CPU
		{74987653-09DA-4274-BEC8-759F95BC9836}.Debug|iPhoneSimulator.ActiveCfg = Debug|Any CPU
		{74987653-09DA-4274-BEC8-759F95BC9836}.Debug|iPhoneSimulator.Build.0 = Debug|Any CPU
		{74987653-09DA-4274-BEC8-759F95BC9836}.Debug|x64.ActiveCfg = Debug|Any CPU
		{74987653-09DA-4274-BEC8-759F95BC9836}.Debug|x64.Build.0 = Debug|Any CPU
		{74987653-09DA-4274-BEC8-759F95BC9836}.Debug|x86.ActiveCfg = Debug|Any CPU
		{74987653-09DA-4274-BEC8-759F95BC9836}.Debug|x86.Build.0 = Debug|Any CPU
		{74987653-09DA-4274-BEC8-759F95BC9836}.Release|Any CPU.ActiveCfg = Release|Any CPU
		{74987653-09DA-4274-BEC8-759F95BC9836}.Release|Any CPU.Build.0 = Release|Any CPU
		{74987653-09DA-4274-BEC8-759F95BC9836}.Release|iPhone.ActiveCfg = Release|Any CPU
		{74987653-09DA-4274-BEC8-759F95BC9836}.Release|iPhone.Build.0 = Release|Any CPU
		{74987653-09DA-4274-BEC8-759F95BC9836}.Release|iPhoneSimulator.ActiveCfg = Release|Any CPU
		{74987653-09DA-4274-BEC8-759F95BC9836}.Release|iPhoneSimulator.Build.0 = Release|Any CPU
		{74987653-09DA-4274-BEC8-759F95BC9836}.Release|x64.ActiveCfg = Release|Any CPU
		{74987653-09DA-4274-BEC8-759F95BC9836}.Release|x64.Build.0 = Release|Any CPU
		{74987653-09DA-4274-BEC8-759F95BC9836}.Release|x86.ActiveCfg = Release|Any CPU
		{74987653-09DA-4274-BEC8-759F95BC9836}.Release|x86.Build.0 = Release|Any CPU
		{2B952A46-062B-4238-933F-923BC8E77FC9}.Debug|Any CPU.ActiveCfg = Debug|Any CPU
		{2B952A46-062B-4238-933F-923BC8E77FC9}.Debug|Any CPU.Build.0 = Debug|Any CPU
		{2B952A46-062B-4238-933F-923BC8E77FC9}.Debug|iPhone.ActiveCfg = Debug|Any CPU
		{2B952A46-062B-4238-933F-923BC8E77FC9}.Debug|iPhone.Build.0 = Debug|Any CPU
		{2B952A46-062B-4238-933F-923BC8E77FC9}.Debug|iPhoneSimulator.ActiveCfg = Debug|Any CPU
		{2B952A46-062B-4238-933F-923BC8E77FC9}.Debug|iPhoneSimulator.Build.0 = Debug|Any CPU
		{2B952A46-062B-4238-933F-923BC8E77FC9}.Debug|x64.ActiveCfg = Debug|Any CPU
		{2B952A46-062B-4238-933F-923BC8E77FC9}.Debug|x64.Build.0 = Debug|Any CPU
		{2B952A46-062B-4238-933F-923BC8E77FC9}.Debug|x86.ActiveCfg = Debug|Any CPU
		{2B952A46-062B-4238-933F-923BC8E77FC9}.Debug|x86.Build.0 = Debug|Any CPU
		{2B952A46-062B-4238-933F-923BC8E77FC9}.Release|Any CPU.ActiveCfg = Release|Any CPU
		{2B952A46-062B-4238-933F-923BC8E77FC9}.Release|Any CPU.Build.0 = Release|Any CPU
		{2B952A46-062B-4238-933F-923BC8E77FC9}.Release|iPhone.ActiveCfg = Release|Any CPU
		{2B952A46-062B-4238-933F-923BC8E77FC9}.Release|iPhone.Build.0 = Release|Any CPU
		{2B952A46-062B-4238-933F-923BC8E77FC9}.Release|iPhoneSimulator.ActiveCfg = Release|Any CPU
		{2B952A46-062B-4238-933F-923BC8E77FC9}.Release|iPhoneSimulator.Build.0 = Release|Any CPU
		{2B952A46-062B-4238-933F-923BC8E77FC9}.Release|x64.ActiveCfg = Release|Any CPU
		{2B952A46-062B-4238-933F-923BC8E77FC9}.Release|x64.Build.0 = Release|Any CPU
		{2B952A46-062B-4238-933F-923BC8E77FC9}.Release|x86.ActiveCfg = Release|Any CPU
		{2B952A46-062B-4238-933F-923BC8E77FC9}.Release|x86.Build.0 = Release|Any CPU
		{0DB822BC-FAD9-496B-AC8E-F880B02A4590}.Debug|Any CPU.ActiveCfg = Debug|Any CPU
		{0DB822BC-FAD9-496B-AC8E-F880B02A4590}.Debug|Any CPU.Build.0 = Debug|Any CPU
		{0DB822BC-FAD9-496B-AC8E-F880B02A4590}.Debug|iPhone.ActiveCfg = Debug|Any CPU
		{0DB822BC-FAD9-496B-AC8E-F880B02A4590}.Debug|iPhone.Build.0 = Debug|Any CPU
		{0DB822BC-FAD9-496B-AC8E-F880B02A4590}.Debug|iPhoneSimulator.ActiveCfg = Debug|Any CPU
		{0DB822BC-FAD9-496B-AC8E-F880B02A4590}.Debug|iPhoneSimulator.Build.0 = Debug|Any CPU
		{0DB822BC-FAD9-496B-AC8E-F880B02A4590}.Debug|x64.ActiveCfg = Debug|Any CPU
		{0DB822BC-FAD9-496B-AC8E-F880B02A4590}.Debug|x64.Build.0 = Debug|Any CPU
		{0DB822BC-FAD9-496B-AC8E-F880B02A4590}.Debug|x86.ActiveCfg = Debug|Any CPU
		{0DB822BC-FAD9-496B-AC8E-F880B02A4590}.Debug|x86.Build.0 = Debug|Any CPU
		{0DB822BC-FAD9-496B-AC8E-F880B02A4590}.Release|Any CPU.ActiveCfg = Release|Any CPU
		{0DB822BC-FAD9-496B-AC8E-F880B02A4590}.Release|Any CPU.Build.0 = Release|Any CPU
		{0DB822BC-FAD9-496B-AC8E-F880B02A4590}.Release|iPhone.ActiveCfg = Release|Any CPU
		{0DB822BC-FAD9-496B-AC8E-F880B02A4590}.Release|iPhone.Build.0 = Release|Any CPU
		{0DB822BC-FAD9-496B-AC8E-F880B02A4590}.Release|iPhoneSimulator.ActiveCfg = Release|Any CPU
		{0DB822BC-FAD9-496B-AC8E-F880B02A4590}.Release|iPhoneSimulator.Build.0 = Release|Any CPU
		{0DB822BC-FAD9-496B-AC8E-F880B02A4590}.Release|x64.ActiveCfg = Release|Any CPU
		{0DB822BC-FAD9-496B-AC8E-F880B02A4590}.Release|x64.Build.0 = Release|Any CPU
		{0DB822BC-FAD9-496B-AC8E-F880B02A4590}.Release|x86.ActiveCfg = Release|Any CPU
		{0DB822BC-FAD9-496B-AC8E-F880B02A4590}.Release|x86.Build.0 = Release|Any CPU
		{F8783A31-77C7-4C52-9E13-698FE20DC4A3}.Debug|Any CPU.ActiveCfg = Debug|Any CPU
		{F8783A31-77C7-4C52-9E13-698FE20DC4A3}.Debug|Any CPU.Build.0 = Debug|Any CPU
		{F8783A31-77C7-4C52-9E13-698FE20DC4A3}.Debug|iPhone.ActiveCfg = Debug|Any CPU
		{F8783A31-77C7-4C52-9E13-698FE20DC4A3}.Debug|iPhone.Build.0 = Debug|Any CPU
		{F8783A31-77C7-4C52-9E13-698FE20DC4A3}.Debug|iPhoneSimulator.ActiveCfg = Debug|Any CPU
		{F8783A31-77C7-4C52-9E13-698FE20DC4A3}.Debug|iPhoneSimulator.Build.0 = Debug|Any CPU
		{F8783A31-77C7-4C52-9E13-698FE20DC4A3}.Debug|x64.ActiveCfg = Debug|Any CPU
		{F8783A31-77C7-4C52-9E13-698FE20DC4A3}.Debug|x64.Build.0 = Debug|Any CPU
		{F8783A31-77C7-4C52-9E13-698FE20DC4A3}.Debug|x86.ActiveCfg = Debug|Any CPU
		{F8783A31-77C7-4C52-9E13-698FE20DC4A3}.Debug|x86.Build.0 = Debug|Any CPU
		{F8783A31-77C7-4C52-9E13-698FE20DC4A3}.Release|Any CPU.ActiveCfg = Release|Any CPU
		{F8783A31-77C7-4C52-9E13-698FE20DC4A3}.Release|Any CPU.Build.0 = Release|Any CPU
		{F8783A31-77C7-4C52-9E13-698FE20DC4A3}.Release|iPhone.ActiveCfg = Release|Any CPU
		{F8783A31-77C7-4C52-9E13-698FE20DC4A3}.Release|iPhone.Build.0 = Release|Any CPU
		{F8783A31-77C7-4C52-9E13-698FE20DC4A3}.Release|iPhoneSimulator.ActiveCfg = Release|Any CPU
		{F8783A31-77C7-4C52-9E13-698FE20DC4A3}.Release|iPhoneSimulator.Build.0 = Release|Any CPU
		{F8783A31-77C7-4C52-9E13-698FE20DC4A3}.Release|x64.ActiveCfg = Release|Any CPU
		{F8783A31-77C7-4C52-9E13-698FE20DC4A3}.Release|x64.Build.0 = Release|Any CPU
		{F8783A31-77C7-4C52-9E13-698FE20DC4A3}.Release|x86.ActiveCfg = Release|Any CPU
		{F8783A31-77C7-4C52-9E13-698FE20DC4A3}.Release|x86.Build.0 = Release|Any CPU
		{08295E02-DE64-41DF-B647-C6A8716CE816}.Debug|Any CPU.ActiveCfg = Debug|Any CPU
		{08295E02-DE64-41DF-B647-C6A8716CE816}.Debug|Any CPU.Build.0 = Debug|Any CPU
		{08295E02-DE64-41DF-B647-C6A8716CE816}.Debug|iPhone.ActiveCfg = Debug|Any CPU
		{08295E02-DE64-41DF-B647-C6A8716CE816}.Debug|iPhone.Build.0 = Debug|Any CPU
		{08295E02-DE64-41DF-B647-C6A8716CE816}.Debug|iPhoneSimulator.ActiveCfg = Debug|Any CPU
		{08295E02-DE64-41DF-B647-C6A8716CE816}.Debug|iPhoneSimulator.Build.0 = Debug|Any CPU
		{08295E02-DE64-41DF-B647-C6A8716CE816}.Debug|x64.ActiveCfg = Debug|Any CPU
		{08295E02-DE64-41DF-B647-C6A8716CE816}.Debug|x64.Build.0 = Debug|Any CPU
		{08295E02-DE64-41DF-B647-C6A8716CE816}.Debug|x86.ActiveCfg = Debug|Any CPU
		{08295E02-DE64-41DF-B647-C6A8716CE816}.Debug|x86.Build.0 = Debug|Any CPU
		{08295E02-DE64-41DF-B647-C6A8716CE816}.Release|Any CPU.ActiveCfg = Release|Any CPU
		{08295E02-DE64-41DF-B647-C6A8716CE816}.Release|Any CPU.Build.0 = Release|Any CPU
		{08295E02-DE64-41DF-B647-C6A8716CE816}.Release|iPhone.ActiveCfg = Release|Any CPU
		{08295E02-DE64-41DF-B647-C6A8716CE816}.Release|iPhone.Build.0 = Release|Any CPU
		{08295E02-DE64-41DF-B647-C6A8716CE816}.Release|iPhoneSimulator.ActiveCfg = Release|Any CPU
		{08295E02-DE64-41DF-B647-C6A8716CE816}.Release|iPhoneSimulator.Build.0 = Release|Any CPU
		{08295E02-DE64-41DF-B647-C6A8716CE816}.Release|x64.ActiveCfg = Release|Any CPU
		{08295E02-DE64-41DF-B647-C6A8716CE816}.Release|x64.Build.0 = Release|Any CPU
		{08295E02-DE64-41DF-B647-C6A8716CE816}.Release|x86.ActiveCfg = Release|Any CPU
		{08295E02-DE64-41DF-B647-C6A8716CE816}.Release|x86.Build.0 = Release|Any CPU
		{B418C3D4-ACDC-4CF1-9EBC-670F88A6959C}.Debug|Any CPU.ActiveCfg = Debug|Any CPU
		{B418C3D4-ACDC-4CF1-9EBC-670F88A6959C}.Debug|Any CPU.Build.0 = Debug|Any CPU
		{B418C3D4-ACDC-4CF1-9EBC-670F88A6959C}.Debug|Any CPU.Deploy.0 = Debug|Any CPU
		{B418C3D4-ACDC-4CF1-9EBC-670F88A6959C}.Debug|iPhone.ActiveCfg = Debug|Any CPU
		{B418C3D4-ACDC-4CF1-9EBC-670F88A6959C}.Debug|iPhone.Build.0 = Debug|Any CPU
		{B418C3D4-ACDC-4CF1-9EBC-670F88A6959C}.Debug|iPhone.Deploy.0 = Debug|Any CPU
		{B418C3D4-ACDC-4CF1-9EBC-670F88A6959C}.Debug|iPhoneSimulator.ActiveCfg = Debug|Any CPU
		{B418C3D4-ACDC-4CF1-9EBC-670F88A6959C}.Debug|iPhoneSimulator.Build.0 = Debug|Any CPU
		{B418C3D4-ACDC-4CF1-9EBC-670F88A6959C}.Debug|iPhoneSimulator.Deploy.0 = Debug|Any CPU
		{B418C3D4-ACDC-4CF1-9EBC-670F88A6959C}.Debug|x64.ActiveCfg = Debug|Any CPU
		{B418C3D4-ACDC-4CF1-9EBC-670F88A6959C}.Debug|x64.Build.0 = Debug|Any CPU
		{B418C3D4-ACDC-4CF1-9EBC-670F88A6959C}.Debug|x64.Deploy.0 = Debug|Any CPU
		{B418C3D4-ACDC-4CF1-9EBC-670F88A6959C}.Debug|x86.ActiveCfg = Debug|Any CPU
		{B418C3D4-ACDC-4CF1-9EBC-670F88A6959C}.Debug|x86.Build.0 = Debug|Any CPU
		{B418C3D4-ACDC-4CF1-9EBC-670F88A6959C}.Debug|x86.Deploy.0 = Debug|Any CPU
		{B418C3D4-ACDC-4CF1-9EBC-670F88A6959C}.Release|Any CPU.ActiveCfg = Release|Any CPU
		{B418C3D4-ACDC-4CF1-9EBC-670F88A6959C}.Release|Any CPU.Build.0 = Release|Any CPU
		{B418C3D4-ACDC-4CF1-9EBC-670F88A6959C}.Release|Any CPU.Deploy.0 = Release|Any CPU
		{B418C3D4-ACDC-4CF1-9EBC-670F88A6959C}.Release|iPhone.ActiveCfg = Release|Any CPU
		{B418C3D4-ACDC-4CF1-9EBC-670F88A6959C}.Release|iPhone.Build.0 = Release|Any CPU
		{B418C3D4-ACDC-4CF1-9EBC-670F88A6959C}.Release|iPhone.Deploy.0 = Release|Any CPU
		{B418C3D4-ACDC-4CF1-9EBC-670F88A6959C}.Release|iPhoneSimulator.ActiveCfg = Release|Any CPU
		{B418C3D4-ACDC-4CF1-9EBC-670F88A6959C}.Release|iPhoneSimulator.Build.0 = Release|Any CPU
		{B418C3D4-ACDC-4CF1-9EBC-670F88A6959C}.Release|iPhoneSimulator.Deploy.0 = Release|Any CPU
		{B418C3D4-ACDC-4CF1-9EBC-670F88A6959C}.Release|x64.ActiveCfg = Release|Any CPU
		{B418C3D4-ACDC-4CF1-9EBC-670F88A6959C}.Release|x64.Build.0 = Release|Any CPU
		{B418C3D4-ACDC-4CF1-9EBC-670F88A6959C}.Release|x64.Deploy.0 = Release|Any CPU
		{B418C3D4-ACDC-4CF1-9EBC-670F88A6959C}.Release|x86.ActiveCfg = Release|Any CPU
		{B418C3D4-ACDC-4CF1-9EBC-670F88A6959C}.Release|x86.Build.0 = Release|Any CPU
		{B418C3D4-ACDC-4CF1-9EBC-670F88A6959C}.Release|x86.Deploy.0 = Release|Any CPU
		{D340F266-CC0D-420B-A4C1-CAE59D7981CA}.Debug|Any CPU.ActiveCfg = Debug|Any CPU
		{D340F266-CC0D-420B-A4C1-CAE59D7981CA}.Debug|Any CPU.Build.0 = Debug|Any CPU
		{D340F266-CC0D-420B-A4C1-CAE59D7981CA}.Debug|iPhone.ActiveCfg = Debug|Any CPU
		{D340F266-CC0D-420B-A4C1-CAE59D7981CA}.Debug|iPhone.Build.0 = Debug|Any CPU
		{D340F266-CC0D-420B-A4C1-CAE59D7981CA}.Debug|iPhoneSimulator.ActiveCfg = Debug|Any CPU
		{D340F266-CC0D-420B-A4C1-CAE59D7981CA}.Debug|iPhoneSimulator.Build.0 = Debug|Any CPU
		{D340F266-CC0D-420B-A4C1-CAE59D7981CA}.Debug|x64.ActiveCfg = Debug|Any CPU
		{D340F266-CC0D-420B-A4C1-CAE59D7981CA}.Debug|x64.Build.0 = Debug|Any CPU
		{D340F266-CC0D-420B-A4C1-CAE59D7981CA}.Debug|x86.ActiveCfg = Debug|Any CPU
		{D340F266-CC0D-420B-A4C1-CAE59D7981CA}.Debug|x86.Build.0 = Debug|Any CPU
		{D340F266-CC0D-420B-A4C1-CAE59D7981CA}.Release|Any CPU.ActiveCfg = Release|Any CPU
		{D340F266-CC0D-420B-A4C1-CAE59D7981CA}.Release|Any CPU.Build.0 = Release|Any CPU
		{D340F266-CC0D-420B-A4C1-CAE59D7981CA}.Release|iPhone.ActiveCfg = Release|Any CPU
		{D340F266-CC0D-420B-A4C1-CAE59D7981CA}.Release|iPhone.Build.0 = Release|Any CPU
		{D340F266-CC0D-420B-A4C1-CAE59D7981CA}.Release|iPhoneSimulator.ActiveCfg = Release|Any CPU
		{D340F266-CC0D-420B-A4C1-CAE59D7981CA}.Release|iPhoneSimulator.Build.0 = Release|Any CPU
		{D340F266-CC0D-420B-A4C1-CAE59D7981CA}.Release|x64.ActiveCfg = Release|Any CPU
		{D340F266-CC0D-420B-A4C1-CAE59D7981CA}.Release|x64.Build.0 = Release|Any CPU
		{D340F266-CC0D-420B-A4C1-CAE59D7981CA}.Release|x86.ActiveCfg = Release|Any CPU
		{D340F266-CC0D-420B-A4C1-CAE59D7981CA}.Release|x86.Build.0 = Release|Any CPU
		{B4A73CE3-18ED-49AC-B87A-8ABBD51F923B}.Debug|Any CPU.ActiveCfg = Debug|Any CPU
		{B4A73CE3-18ED-49AC-B87A-8ABBD51F923B}.Debug|Any CPU.Build.0 = Debug|Any CPU
		{B4A73CE3-18ED-49AC-B87A-8ABBD51F923B}.Debug|iPhone.ActiveCfg = Debug|Any CPU
		{B4A73CE3-18ED-49AC-B87A-8ABBD51F923B}.Debug|iPhone.Build.0 = Debug|Any CPU
		{B4A73CE3-18ED-49AC-B87A-8ABBD51F923B}.Debug|iPhoneSimulator.ActiveCfg = Debug|Any CPU
		{B4A73CE3-18ED-49AC-B87A-8ABBD51F923B}.Debug|iPhoneSimulator.Build.0 = Debug|Any CPU
		{B4A73CE3-18ED-49AC-B87A-8ABBD51F923B}.Debug|x64.ActiveCfg = Debug|Any CPU
		{B4A73CE3-18ED-49AC-B87A-8ABBD51F923B}.Debug|x64.Build.0 = Debug|Any CPU
		{B4A73CE3-18ED-49AC-B87A-8ABBD51F923B}.Debug|x86.ActiveCfg = Debug|Any CPU
		{B4A73CE3-18ED-49AC-B87A-8ABBD51F923B}.Debug|x86.Build.0 = Debug|Any CPU
		{B4A73CE3-18ED-49AC-B87A-8ABBD51F923B}.Release|Any CPU.ActiveCfg = Release|Any CPU
		{B4A73CE3-18ED-49AC-B87A-8ABBD51F923B}.Release|Any CPU.Build.0 = Release|Any CPU
		{B4A73CE3-18ED-49AC-B87A-8ABBD51F923B}.Release|iPhone.ActiveCfg = Release|Any CPU
		{B4A73CE3-18ED-49AC-B87A-8ABBD51F923B}.Release|iPhone.Build.0 = Release|Any CPU
		{B4A73CE3-18ED-49AC-B87A-8ABBD51F923B}.Release|iPhoneSimulator.ActiveCfg = Release|Any CPU
		{B4A73CE3-18ED-49AC-B87A-8ABBD51F923B}.Release|iPhoneSimulator.Build.0 = Release|Any CPU
		{B4A73CE3-18ED-49AC-B87A-8ABBD51F923B}.Release|x64.ActiveCfg = Release|Any CPU
		{B4A73CE3-18ED-49AC-B87A-8ABBD51F923B}.Release|x64.Build.0 = Release|Any CPU
		{B4A73CE3-18ED-49AC-B87A-8ABBD51F923B}.Release|x86.ActiveCfg = Release|Any CPU
		{B4A73CE3-18ED-49AC-B87A-8ABBD51F923B}.Release|x86.Build.0 = Release|Any CPU
		{F2492FFE-DEF1-436F-8FB8-BCE87BC0686C}.Debug|Any CPU.ActiveCfg = Debug|Any CPU
		{F2492FFE-DEF1-436F-8FB8-BCE87BC0686C}.Debug|Any CPU.Build.0 = Debug|Any CPU
		{F2492FFE-DEF1-436F-8FB8-BCE87BC0686C}.Debug|iPhone.ActiveCfg = Debug|Any CPU
		{F2492FFE-DEF1-436F-8FB8-BCE87BC0686C}.Debug|iPhone.Build.0 = Debug|Any CPU
		{F2492FFE-DEF1-436F-8FB8-BCE87BC0686C}.Debug|iPhoneSimulator.ActiveCfg = Debug|Any CPU
		{F2492FFE-DEF1-436F-8FB8-BCE87BC0686C}.Debug|iPhoneSimulator.Build.0 = Debug|Any CPU
		{F2492FFE-DEF1-436F-8FB8-BCE87BC0686C}.Debug|x64.ActiveCfg = Debug|Any CPU
		{F2492FFE-DEF1-436F-8FB8-BCE87BC0686C}.Debug|x64.Build.0 = Debug|Any CPU
		{F2492FFE-DEF1-436F-8FB8-BCE87BC0686C}.Debug|x86.ActiveCfg = Debug|Any CPU
		{F2492FFE-DEF1-436F-8FB8-BCE87BC0686C}.Debug|x86.Build.0 = Debug|Any CPU
		{F2492FFE-DEF1-436F-8FB8-BCE87BC0686C}.Release|Any CPU.ActiveCfg = Release|Any CPU
		{F2492FFE-DEF1-436F-8FB8-BCE87BC0686C}.Release|Any CPU.Build.0 = Release|Any CPU
		{F2492FFE-DEF1-436F-8FB8-BCE87BC0686C}.Release|iPhone.ActiveCfg = Release|Any CPU
		{F2492FFE-DEF1-436F-8FB8-BCE87BC0686C}.Release|iPhone.Build.0 = Release|Any CPU
		{F2492FFE-DEF1-436F-8FB8-BCE87BC0686C}.Release|iPhoneSimulator.ActiveCfg = Release|Any CPU
		{F2492FFE-DEF1-436F-8FB8-BCE87BC0686C}.Release|iPhoneSimulator.Build.0 = Release|Any CPU
		{F2492FFE-DEF1-436F-8FB8-BCE87BC0686C}.Release|x64.ActiveCfg = Release|Any CPU
		{F2492FFE-DEF1-436F-8FB8-BCE87BC0686C}.Release|x64.Build.0 = Release|Any CPU
		{F2492FFE-DEF1-436F-8FB8-BCE87BC0686C}.Release|x86.ActiveCfg = Release|Any CPU
		{F2492FFE-DEF1-436F-8FB8-BCE87BC0686C}.Release|x86.Build.0 = Release|Any CPU
		{CE9919C5-4E94-4B4F-840B-C42C00E57DFD}.Debug|Any CPU.ActiveCfg = Debug|Any CPU
		{CE9919C5-4E94-4B4F-840B-C42C00E57DFD}.Debug|Any CPU.Build.0 = Debug|Any CPU
		{CE9919C5-4E94-4B4F-840B-C42C00E57DFD}.Debug|Any CPU.Deploy.0 = Debug|Any CPU
		{CE9919C5-4E94-4B4F-840B-C42C00E57DFD}.Debug|iPhone.ActiveCfg = Debug|Any CPU
		{CE9919C5-4E94-4B4F-840B-C42C00E57DFD}.Debug|iPhone.Build.0 = Debug|Any CPU
		{CE9919C5-4E94-4B4F-840B-C42C00E57DFD}.Debug|iPhone.Deploy.0 = Debug|Any CPU
		{CE9919C5-4E94-4B4F-840B-C42C00E57DFD}.Debug|iPhoneSimulator.ActiveCfg = Debug|Any CPU
		{CE9919C5-4E94-4B4F-840B-C42C00E57DFD}.Debug|iPhoneSimulator.Build.0 = Debug|Any CPU
		{CE9919C5-4E94-4B4F-840B-C42C00E57DFD}.Debug|iPhoneSimulator.Deploy.0 = Debug|Any CPU
		{CE9919C5-4E94-4B4F-840B-C42C00E57DFD}.Debug|x64.ActiveCfg = Debug|Any CPU
		{CE9919C5-4E94-4B4F-840B-C42C00E57DFD}.Debug|x64.Build.0 = Debug|Any CPU
		{CE9919C5-4E94-4B4F-840B-C42C00E57DFD}.Debug|x64.Deploy.0 = Debug|Any CPU
		{CE9919C5-4E94-4B4F-840B-C42C00E57DFD}.Debug|x86.ActiveCfg = Debug|Any CPU
		{CE9919C5-4E94-4B4F-840B-C42C00E57DFD}.Debug|x86.Build.0 = Debug|Any CPU
		{CE9919C5-4E94-4B4F-840B-C42C00E57DFD}.Debug|x86.Deploy.0 = Debug|Any CPU
		{CE9919C5-4E94-4B4F-840B-C42C00E57DFD}.Release|Any CPU.ActiveCfg = Release|Any CPU
		{CE9919C5-4E94-4B4F-840B-C42C00E57DFD}.Release|Any CPU.Build.0 = Release|Any CPU
		{CE9919C5-4E94-4B4F-840B-C42C00E57DFD}.Release|Any CPU.Deploy.0 = Release|Any CPU
		{CE9919C5-4E94-4B4F-840B-C42C00E57DFD}.Release|iPhone.ActiveCfg = Release|Any CPU
		{CE9919C5-4E94-4B4F-840B-C42C00E57DFD}.Release|iPhone.Build.0 = Release|Any CPU
		{CE9919C5-4E94-4B4F-840B-C42C00E57DFD}.Release|iPhone.Deploy.0 = Release|Any CPU
		{CE9919C5-4E94-4B4F-840B-C42C00E57DFD}.Release|iPhoneSimulator.ActiveCfg = Release|Any CPU
		{CE9919C5-4E94-4B4F-840B-C42C00E57DFD}.Release|iPhoneSimulator.Build.0 = Release|Any CPU
		{CE9919C5-4E94-4B4F-840B-C42C00E57DFD}.Release|iPhoneSimulator.Deploy.0 = Release|Any CPU
		{CE9919C5-4E94-4B4F-840B-C42C00E57DFD}.Release|x64.ActiveCfg = Release|Any CPU
		{CE9919C5-4E94-4B4F-840B-C42C00E57DFD}.Release|x64.Build.0 = Release|Any CPU
		{CE9919C5-4E94-4B4F-840B-C42C00E57DFD}.Release|x64.Deploy.0 = Release|Any CPU
		{CE9919C5-4E94-4B4F-840B-C42C00E57DFD}.Release|x86.ActiveCfg = Release|Any CPU
		{CE9919C5-4E94-4B4F-840B-C42C00E57DFD}.Release|x86.Build.0 = Release|Any CPU
		{CE9919C5-4E94-4B4F-840B-C42C00E57DFD}.Release|x86.Deploy.0 = Release|Any CPU
		{DCDB3A52-AE5D-47A3-9663-912FB9F73671}.Debug|Any CPU.ActiveCfg = Debug|Any CPU
		{DCDB3A52-AE5D-47A3-9663-912FB9F73671}.Debug|Any CPU.Build.0 = Debug|Any CPU
		{DCDB3A52-AE5D-47A3-9663-912FB9F73671}.Debug|iPhone.ActiveCfg = Debug|Any CPU
		{DCDB3A52-AE5D-47A3-9663-912FB9F73671}.Debug|iPhone.Build.0 = Debug|Any CPU
		{DCDB3A52-AE5D-47A3-9663-912FB9F73671}.Debug|iPhoneSimulator.ActiveCfg = Debug|Any CPU
		{DCDB3A52-AE5D-47A3-9663-912FB9F73671}.Debug|iPhoneSimulator.Build.0 = Debug|Any CPU
		{DCDB3A52-AE5D-47A3-9663-912FB9F73671}.Debug|x64.ActiveCfg = Debug|Any CPU
		{DCDB3A52-AE5D-47A3-9663-912FB9F73671}.Debug|x64.Build.0 = Debug|Any CPU
		{DCDB3A52-AE5D-47A3-9663-912FB9F73671}.Debug|x86.ActiveCfg = Debug|Any CPU
		{DCDB3A52-AE5D-47A3-9663-912FB9F73671}.Debug|x86.Build.0 = Debug|Any CPU
		{DCDB3A52-AE5D-47A3-9663-912FB9F73671}.Release|Any CPU.ActiveCfg = Release|Any CPU
		{DCDB3A52-AE5D-47A3-9663-912FB9F73671}.Release|Any CPU.Build.0 = Release|Any CPU
		{DCDB3A52-AE5D-47A3-9663-912FB9F73671}.Release|iPhone.ActiveCfg = Release|Any CPU
		{DCDB3A52-AE5D-47A3-9663-912FB9F73671}.Release|iPhone.Build.0 = Release|Any CPU
		{DCDB3A52-AE5D-47A3-9663-912FB9F73671}.Release|iPhoneSimulator.ActiveCfg = Release|Any CPU
		{DCDB3A52-AE5D-47A3-9663-912FB9F73671}.Release|iPhoneSimulator.Build.0 = Release|Any CPU
		{DCDB3A52-AE5D-47A3-9663-912FB9F73671}.Release|x64.ActiveCfg = Release|Any CPU
		{DCDB3A52-AE5D-47A3-9663-912FB9F73671}.Release|x64.Build.0 = Release|Any CPU
		{DCDB3A52-AE5D-47A3-9663-912FB9F73671}.Release|x86.ActiveCfg = Release|Any CPU
		{DCDB3A52-AE5D-47A3-9663-912FB9F73671}.Release|x86.Build.0 = Release|Any CPU
		{208535E4-3B15-4CD6-A9BD-ECAE622CDD23}.Debug|Any CPU.ActiveCfg = Debug|iPhoneSimulator
		{208535E4-3B15-4CD6-A9BD-ECAE622CDD23}.Debug|Any CPU.Build.0 = Debug|iPhoneSimulator
		{208535E4-3B15-4CD6-A9BD-ECAE622CDD23}.Debug|iPhone.ActiveCfg = Debug|iPhone
		{208535E4-3B15-4CD6-A9BD-ECAE622CDD23}.Debug|iPhone.Build.0 = Debug|iPhone
		{208535E4-3B15-4CD6-A9BD-ECAE622CDD23}.Debug|iPhoneSimulator.ActiveCfg = Debug|iPhoneSimulator
		{208535E4-3B15-4CD6-A9BD-ECAE622CDD23}.Debug|iPhoneSimulator.Build.0 = Debug|iPhoneSimulator
		{208535E4-3B15-4CD6-A9BD-ECAE622CDD23}.Debug|x64.ActiveCfg = Debug|iPhone
		{208535E4-3B15-4CD6-A9BD-ECAE622CDD23}.Debug|x86.ActiveCfg = Debug|iPhoneSimulator
		{208535E4-3B15-4CD6-A9BD-ECAE622CDD23}.Debug|x86.Build.0 = Debug|iPhoneSimulator
		{208535E4-3B15-4CD6-A9BD-ECAE622CDD23}.Release|Any CPU.ActiveCfg = Release|iPhone
		{208535E4-3B15-4CD6-A9BD-ECAE622CDD23}.Release|Any CPU.Build.0 = Release|iPhone
		{208535E4-3B15-4CD6-A9BD-ECAE622CDD23}.Release|iPhone.ActiveCfg = Release|iPhone
		{208535E4-3B15-4CD6-A9BD-ECAE622CDD23}.Release|iPhone.Build.0 = Release|iPhone
		{208535E4-3B15-4CD6-A9BD-ECAE622CDD23}.Release|iPhoneSimulator.ActiveCfg = Release|iPhoneSimulator
		{208535E4-3B15-4CD6-A9BD-ECAE622CDD23}.Release|iPhoneSimulator.Build.0 = Release|iPhoneSimulator
		{208535E4-3B15-4CD6-A9BD-ECAE622CDD23}.Release|x64.ActiveCfg = Release|iPhoneSimulator
		{208535E4-3B15-4CD6-A9BD-ECAE622CDD23}.Release|x86.ActiveCfg = Release|iPhone
		{208535E4-3B15-4CD6-A9BD-ECAE622CDD23}.Release|x86.Build.0 = Release|iPhone
		{19119DDF-31BA-47E9-AFB6-2A40646981A9}.Debug|Any CPU.ActiveCfg = Debug|Any CPU
		{19119DDF-31BA-47E9-AFB6-2A40646981A9}.Debug|Any CPU.Build.0 = Debug|Any CPU
		{19119DDF-31BA-47E9-AFB6-2A40646981A9}.Debug|iPhone.ActiveCfg = Debug|Any CPU
		{19119DDF-31BA-47E9-AFB6-2A40646981A9}.Debug|iPhone.Build.0 = Debug|Any CPU
		{19119DDF-31BA-47E9-AFB6-2A40646981A9}.Debug|iPhoneSimulator.ActiveCfg = Debug|Any CPU
		{19119DDF-31BA-47E9-AFB6-2A40646981A9}.Debug|iPhoneSimulator.Build.0 = Debug|Any CPU
		{19119DDF-31BA-47E9-AFB6-2A40646981A9}.Debug|x64.ActiveCfg = Debug|Any CPU
		{19119DDF-31BA-47E9-AFB6-2A40646981A9}.Debug|x64.Build.0 = Debug|Any CPU
		{19119DDF-31BA-47E9-AFB6-2A40646981A9}.Debug|x86.ActiveCfg = Debug|Any CPU
		{19119DDF-31BA-47E9-AFB6-2A40646981A9}.Debug|x86.Build.0 = Debug|Any CPU
		{19119DDF-31BA-47E9-AFB6-2A40646981A9}.Release|Any CPU.ActiveCfg = Release|Any CPU
		{19119DDF-31BA-47E9-AFB6-2A40646981A9}.Release|Any CPU.Build.0 = Release|Any CPU
		{19119DDF-31BA-47E9-AFB6-2A40646981A9}.Release|iPhone.ActiveCfg = Release|Any CPU
		{19119DDF-31BA-47E9-AFB6-2A40646981A9}.Release|iPhone.Build.0 = Release|Any CPU
		{19119DDF-31BA-47E9-AFB6-2A40646981A9}.Release|iPhoneSimulator.ActiveCfg = Release|Any CPU
		{19119DDF-31BA-47E9-AFB6-2A40646981A9}.Release|iPhoneSimulator.Build.0 = Release|Any CPU
		{19119DDF-31BA-47E9-AFB6-2A40646981A9}.Release|x64.ActiveCfg = Release|Any CPU
		{19119DDF-31BA-47E9-AFB6-2A40646981A9}.Release|x64.Build.0 = Release|Any CPU
		{19119DDF-31BA-47E9-AFB6-2A40646981A9}.Release|x86.ActiveCfg = Release|Any CPU
		{19119DDF-31BA-47E9-AFB6-2A40646981A9}.Release|x86.Build.0 = Release|Any CPU
		{B0AC954A-9BA5-461B-8972-2E315F3017DC}.Debug|Any CPU.ActiveCfg = Debug|Any CPU
		{B0AC954A-9BA5-461B-8972-2E315F3017DC}.Debug|Any CPU.Build.0 = Debug|Any CPU
		{B0AC954A-9BA5-461B-8972-2E315F3017DC}.Debug|iPhone.ActiveCfg = Debug|Any CPU
		{B0AC954A-9BA5-461B-8972-2E315F3017DC}.Debug|iPhone.Build.0 = Debug|Any CPU
		{B0AC954A-9BA5-461B-8972-2E315F3017DC}.Debug|iPhoneSimulator.ActiveCfg = Debug|Any CPU
		{B0AC954A-9BA5-461B-8972-2E315F3017DC}.Debug|iPhoneSimulator.Build.0 = Debug|Any CPU
		{B0AC954A-9BA5-461B-8972-2E315F3017DC}.Debug|x64.ActiveCfg = Debug|Any CPU
		{B0AC954A-9BA5-461B-8972-2E315F3017DC}.Debug|x64.Build.0 = Debug|Any CPU
		{B0AC954A-9BA5-461B-8972-2E315F3017DC}.Debug|x86.ActiveCfg = Debug|Any CPU
		{B0AC954A-9BA5-461B-8972-2E315F3017DC}.Debug|x86.Build.0 = Debug|Any CPU
		{B0AC954A-9BA5-461B-8972-2E315F3017DC}.Release|Any CPU.ActiveCfg = Release|Any CPU
		{B0AC954A-9BA5-461B-8972-2E315F3017DC}.Release|Any CPU.Build.0 = Release|Any CPU
		{B0AC954A-9BA5-461B-8972-2E315F3017DC}.Release|iPhone.ActiveCfg = Release|Any CPU
		{B0AC954A-9BA5-461B-8972-2E315F3017DC}.Release|iPhone.Build.0 = Release|Any CPU
		{B0AC954A-9BA5-461B-8972-2E315F3017DC}.Release|iPhoneSimulator.ActiveCfg = Release|Any CPU
		{B0AC954A-9BA5-461B-8972-2E315F3017DC}.Release|iPhoneSimulator.Build.0 = Release|Any CPU
		{B0AC954A-9BA5-461B-8972-2E315F3017DC}.Release|x64.ActiveCfg = Release|Any CPU
		{B0AC954A-9BA5-461B-8972-2E315F3017DC}.Release|x64.Build.0 = Release|Any CPU
		{B0AC954A-9BA5-461B-8972-2E315F3017DC}.Release|x86.ActiveCfg = Release|Any CPU
		{B0AC954A-9BA5-461B-8972-2E315F3017DC}.Release|x86.Build.0 = Release|Any CPU
	EndGlobalSection
	GlobalSection(SolutionProperties) = preSolution
		HideSolutionNode = FALSE
	EndGlobalSection
	GlobalSection(MonoDevelopProperties) = preSolution
		Policies = $0
		$0.TextStylePolicy = $6
		$6.FileWidth = 120
		$6.TabsToSpaces = False
		$6.inheritsSet = VisualStudio
		$6.inheritsScope = text/plain
		$0.TextStylePolicy = $7
		$7.FileWidth = 120
		$7.TabWidth = 3
		$7.IndentWidth = 3
		$7.inheritsSet = VisualStudio
		$7.inheritsScope = text/plain
		$7.scope = text/x-csharp
		$0.CSharpFormattingPolicy = $8
		$8.IndentSwitchSection = True
		$8.NewLinesForBracesInTypes = False
		$8.NewLinesForBracesInMethods = False
		$8.NewLineForMembersInObjectInit = True
		$8.NewLineForMembersInAnonymousTypes = True
		$8.NewLineForClausesInQuery = True
		$8.SpacingAfterMethodDeclarationName = False
		$8.SpaceAfterMethodCallName = False
		$8.SpaceBeforeOpenSquareBracket = False
		$8.inheritsSet = Mono
		$8.inheritsScope = text/x-csharp
		$8.scope = text/x-csharp
	EndGlobalSection
EndGlobal
