
Microsoft Visual Studio Solution File, Format Version 12.00
# Visual Studio 15
VisualStudioVersion = 15.0.26228.4
MinimumVisualStudioVersion = 10.0.40219.1
Project("{FAE04EC0-301F-11D3-BF4B-00C04F79EFBC}") = "AndroidTest.Droid", "Droid\AndroidTest.Droid.csproj", "{25F45252-8991-4985-A7F9-4866BA8E09F2}"
EndProject
Project("{FAE04EC0-301F-11D3-BF4B-00C04F79EFBC}") = "CampfireNet.Core", "CampfireNet.Core\CampfireNet.Core.csproj", "{74987653-09DA-4274-BEC8-759F95BC9836}"
EndProject
Project("{FAE04EC0-301F-11D3-BF4B-00C04F79EFBC}") = "CampfireNet.Utilities", "CampfireNet.Utilities\CampfireNet.Utilities.csproj", "{2B952A46-062B-4238-933F-923BC8E77FC9}"
EndProject
Project("{2150E333-8FDC-42A3-9474-1A3956D46DE8}") = "Solution Items", "Solution Items", "{2DA4F66E-3BC4-48FC-B8CA-F7B2E2F397F2}"
	ProjectSection(SolutionItems) = preProject
		Scratch.txt = Scratch.txt
	EndProjectSection
EndProject
Project("{FAE04EC0-301F-11D3-BF4B-00C04F79EFBC}") = "CampfireNet.Identities", "CampfireNet.Identities\CampfireNet.Identities.csproj", "{0DB822BC-FAD9-496B-AC8E-F880B02A4590}"
EndProject
Project("{FAE04EC0-301F-11D3-BF4B-00C04F79EFBC}") = "CampfireNet.Android", "CampfireNet.Android\CampfireNet.Android.csproj", "{F8783A31-77C7-4C52-9E13-698FE20DC4A3}"
EndProject
Project("{FAE04EC0-301F-11D3-BF4B-00C04F79EFBC}") = "CampfireChat.Core", "CampfireChat.Core\CampfireChat.Core.csproj", "{08295E02-DE64-41DF-B647-C6A8716CE816}"
EndProject
Project("{FAE04EC0-301F-11D3-BF4B-00C04F79EFBC}") = "CampfireChat", "CampfireChat\CampfireChat.csproj", "{B418C3D4-ACDC-4CF1-9EBC-670F88A6959C}"
EndProject
Project("{9344BDBB-3E7F-41FC-A0DD-8665D75EE146}") = "scratchpad-android", "scratchpad-android\scratchpad-android.csproj", "{DFCBF176-F748-47C7-A4A2-44866CF03F49}"
EndProject
Project("{9344BDBB-3E7F-41FC-A0DD-8665D75EE146}") = "AndroidTest", "AndroidTest\AndroidTest.csproj", "{AEBCEEB7-0BC5-4FFD-98BD-E551707FA667}"
EndProject
Project("{9344BDBB-3E7F-41FC-A0DD-8665D75EE146}") = "identities-test-mac", "identities-test-mac\identities-test-mac.csproj", "{04233029-454E-4639-A37D-9B65BE044BFC}"
EndProject
Project("{9344BDBB-3E7F-41FC-A0DD-8665D75EE146}") = "AndroidThrowaway", "AndroidThrowaway\AndroidThrowaway.csproj", "{41D8D3AF-5F65-4E96-85AA-3BCDEC9EC687}"
EndProject
Project("{9344BDBB-3E7F-41FC-A0DD-8665D75EE146}") = "ExampleConsoleAppNetFramework", "ExampleConsoleAppNetFramework\ExampleConsoleAppNetFramework.csproj", "{95996E7A-EC45-440F-98DF-919D6C07FA4D}"
EndProject
Project("{9344BDBB-3E7F-41FC-A0DD-8665D75EE146}") = "AndroidTest.iOS", "iOS\AndroidTest.iOS.csproj", "{44831231-43A2-46EB-A4CF-73A7F6C06CB1}"
EndProject
Project("{9344BDBB-3E7F-41FC-A0DD-8665D75EE146}") = "CampfireNet.Simulator.Windows", "CampfireNet.Simulator.Windows\CampfireNet.Simulator.Windows.csproj", "{87799ACB-D52F-4655-BAB7-5F3DAB61CEC4}"
EndProject
Project("{9344BDBB-3E7F-41FC-A0DD-8665D75EE146}") = "CampfireNet.Windows", "CampfireNet.Windows\CampfireNet.Windows.csproj", "{ACA34411-A77F-4DC2-9CD8-3AA3F64C432B}"
EndProject
Global
	GlobalSection(SolutionConfigurationPlatforms) = preSolution
		Debug|Any CPU = Debug|Any CPU
		Debug|iPhone = Debug|iPhone
		Debug|iPhoneSimulator = Debug|iPhoneSimulator
		Debug|x64 = Debug|x64
		Debug|x86 = Debug|x86
		Release|Any CPU = Release|Any CPU
		Release|iPhone = Release|iPhone
		Release|iPhoneSimulator = Release|iPhoneSimulator
		Release|x64 = Release|x64
		Release|x86 = Release|x86
	EndGlobalSection
	GlobalSection(ProjectConfigurationPlatforms) = postSolution
		{25F45252-8991-4985-A7F9-4866BA8E09F2}.Debug|Any CPU.ActiveCfg = Debug|Any CPU
		{25F45252-8991-4985-A7F9-4866BA8E09F2}.Debug|Any CPU.Build.0 = Debug|Any CPU
		{25F45252-8991-4985-A7F9-4866BA8E09F2}.Debug|Any CPU.Deploy.0 = Debug|Any CPU
		{25F45252-8991-4985-A7F9-4866BA8E09F2}.Debug|iPhone.ActiveCfg = Debug|Any CPU
		{25F45252-8991-4985-A7F9-4866BA8E09F2}.Debug|iPhone.Build.0 = Debug|Any CPU
		{25F45252-8991-4985-A7F9-4866BA8E09F2}.Debug|iPhoneSimulator.ActiveCfg = Debug|Any CPU
		{25F45252-8991-4985-A7F9-4866BA8E09F2}.Debug|iPhoneSimulator.Build.0 = Debug|Any CPU
		{25F45252-8991-4985-A7F9-4866BA8E09F2}.Debug|x64.ActiveCfg = Debug|Any CPU
		{25F45252-8991-4985-A7F9-4866BA8E09F2}.Debug|x64.Build.0 = Debug|Any CPU
		{25F45252-8991-4985-A7F9-4866BA8E09F2}.Debug|x64.Deploy.0 = Debug|Any CPU
		{25F45252-8991-4985-A7F9-4866BA8E09F2}.Debug|x86.ActiveCfg = Debug|Any CPU
		{25F45252-8991-4985-A7F9-4866BA8E09F2}.Debug|x86.Build.0 = Debug|Any CPU
		{25F45252-8991-4985-A7F9-4866BA8E09F2}.Release|Any CPU.ActiveCfg = Release|Any CPU
		{25F45252-8991-4985-A7F9-4866BA8E09F2}.Release|Any CPU.Build.0 = Release|Any CPU
		{25F45252-8991-4985-A7F9-4866BA8E09F2}.Release|Any CPU.Deploy.0 = Release|Any CPU
		{25F45252-8991-4985-A7F9-4866BA8E09F2}.Release|iPhone.ActiveCfg = Release|Any CPU
		{25F45252-8991-4985-A7F9-4866BA8E09F2}.Release|iPhone.Build.0 = Release|Any CPU
		{25F45252-8991-4985-A7F9-4866BA8E09F2}.Release|iPhoneSimulator.ActiveCfg = Release|Any CPU
		{25F45252-8991-4985-A7F9-4866BA8E09F2}.Release|iPhoneSimulator.Build.0 = Release|Any CPU
		{25F45252-8991-4985-A7F9-4866BA8E09F2}.Release|x64.ActiveCfg = Release|Any CPU
		{25F45252-8991-4985-A7F9-4866BA8E09F2}.Release|x64.Build.0 = Release|Any CPU
		{25F45252-8991-4985-A7F9-4866BA8E09F2}.Release|x64.Deploy.0 = Release|Any CPU
		{25F45252-8991-4985-A7F9-4866BA8E09F2}.Release|x86.ActiveCfg = Release|Any CPU
		{25F45252-8991-4985-A7F9-4866BA8E09F2}.Release|x86.Build.0 = Release|Any CPU
		{74987653-09DA-4274-BEC8-759F95BC9836}.Debug|Any CPU.ActiveCfg = Debug|Any CPU
		{74987653-09DA-4274-BEC8-759F95BC9836}.Debug|Any CPU.Build.0 = Debug|Any CPU
		{74987653-09DA-4274-BEC8-759F95BC9836}.Debug|iPhone.ActiveCfg = Debug|Any CPU
		{74987653-09DA-4274-BEC8-759F95BC9836}.Debug|iPhone.Build.0 = Debug|Any CPU
		{74987653-09DA-4274-BEC8-759F95BC9836}.Debug|iPhoneSimulator.ActiveCfg = Debug|Any CPU
		{74987653-09DA-4274-BEC8-759F95BC9836}.Debug|iPhoneSimulator.Build.0 = Debug|Any CPU
		{74987653-09DA-4274-BEC8-759F95BC9836}.Debug|x64.ActiveCfg = Debug|Any CPU
		{74987653-09DA-4274-BEC8-759F95BC9836}.Debug|x64.Build.0 = Debug|Any CPU
		{74987653-09DA-4274-BEC8-759F95BC9836}.Debug|x86.ActiveCfg = Debug|Any CPU
		{74987653-09DA-4274-BEC8-759F95BC9836}.Debug|x86.Build.0 = Debug|Any CPU
		{74987653-09DA-4274-BEC8-759F95BC9836}.Release|Any CPU.ActiveCfg = Release|Any CPU
		{74987653-09DA-4274-BEC8-759F95BC9836}.Release|Any CPU.Build.0 = Release|Any CPU
		{74987653-09DA-4274-BEC8-759F95BC9836}.Release|iPhone.ActiveCfg = Release|Any CPU
		{74987653-09DA-4274-BEC8-759F95BC9836}.Release|iPhone.Build.0 = Release|Any CPU
		{74987653-09DA-4274-BEC8-759F95BC9836}.Release|iPhoneSimulator.ActiveCfg = Release|Any CPU
		{74987653-09DA-4274-BEC8-759F95BC9836}.Release|iPhoneSimulator.Build.0 = Release|Any CPU
		{74987653-09DA-4274-BEC8-759F95BC9836}.Release|x64.ActiveCfg = Release|Any CPU
		{74987653-09DA-4274-BEC8-759F95BC9836}.Release|x64.Build.0 = Release|Any CPU
		{74987653-09DA-4274-BEC8-759F95BC9836}.Release|x86.ActiveCfg = Release|Any CPU
		{74987653-09DA-4274-BEC8-759F95BC9836}.Release|x86.Build.0 = Release|Any CPU
		{2B952A46-062B-4238-933F-923BC8E77FC9}.Debug|Any CPU.ActiveCfg = Debug|Any CPU
		{2B952A46-062B-4238-933F-923BC8E77FC9}.Debug|Any CPU.Build.0 = Debug|Any CPU
		{2B952A46-062B-4238-933F-923BC8E77FC9}.Debug|iPhone.ActiveCfg = Debug|Any CPU
		{2B952A46-062B-4238-933F-923BC8E77FC9}.Debug|iPhone.Build.0 = Debug|Any CPU
		{2B952A46-062B-4238-933F-923BC8E77FC9}.Debug|iPhoneSimulator.ActiveCfg = Debug|Any CPU
		{2B952A46-062B-4238-933F-923BC8E77FC9}.Debug|iPhoneSimulator.Build.0 = Debug|Any CPU
		{2B952A46-062B-4238-933F-923BC8E77FC9}.Debug|x64.ActiveCfg = Debug|Any CPU
		{2B952A46-062B-4238-933F-923BC8E77FC9}.Debug|x64.Build.0 = Debug|Any CPU
		{2B952A46-062B-4238-933F-923BC8E77FC9}.Debug|x86.ActiveCfg = Debug|Any CPU
		{2B952A46-062B-4238-933F-923BC8E77FC9}.Debug|x86.Build.0 = Debug|Any CPU
		{2B952A46-062B-4238-933F-923BC8E77FC9}.Release|Any CPU.ActiveCfg = Release|Any CPU
		{2B952A46-062B-4238-933F-923BC8E77FC9}.Release|Any CPU.Build.0 = Release|Any CPU
		{2B952A46-062B-4238-933F-923BC8E77FC9}.Release|iPhone.ActiveCfg = Release|Any CPU
		{2B952A46-062B-4238-933F-923BC8E77FC9}.Release|iPhone.Build.0 = Release|Any CPU
		{2B952A46-062B-4238-933F-923BC8E77FC9}.Release|iPhoneSimulator.ActiveCfg = Release|Any CPU
		{2B952A46-062B-4238-933F-923BC8E77FC9}.Release|iPhoneSimulator.Build.0 = Release|Any CPU
		{2B952A46-062B-4238-933F-923BC8E77FC9}.Release|x64.ActiveCfg = Release|Any CPU
		{2B952A46-062B-4238-933F-923BC8E77FC9}.Release|x64.Build.0 = Release|Any CPU
		{2B952A46-062B-4238-933F-923BC8E77FC9}.Release|x86.ActiveCfg = Release|Any CPU
		{2B952A46-062B-4238-933F-923BC8E77FC9}.Release|x86.Build.0 = Release|Any CPU
		{0DB822BC-FAD9-496B-AC8E-F880B02A4590}.Debug|Any CPU.ActiveCfg = Debug|Any CPU
		{0DB822BC-FAD9-496B-AC8E-F880B02A4590}.Debug|Any CPU.Build.0 = Debug|Any CPU
		{0DB822BC-FAD9-496B-AC8E-F880B02A4590}.Debug|iPhone.ActiveCfg = Debug|Any CPU
		{0DB822BC-FAD9-496B-AC8E-F880B02A4590}.Debug|iPhone.Build.0 = Debug|Any CPU
		{0DB822BC-FAD9-496B-AC8E-F880B02A4590}.Debug|iPhoneSimulator.ActiveCfg = Debug|Any CPU
		{0DB822BC-FAD9-496B-AC8E-F880B02A4590}.Debug|iPhoneSimulator.Build.0 = Debug|Any CPU
		{0DB822BC-FAD9-496B-AC8E-F880B02A4590}.Debug|x64.ActiveCfg = Debug|Any CPU
		{0DB822BC-FAD9-496B-AC8E-F880B02A4590}.Debug|x64.Build.0 = Debug|Any CPU
		{0DB822BC-FAD9-496B-AC8E-F880B02A4590}.Debug|x86.ActiveCfg = Debug|Any CPU
		{0DB822BC-FAD9-496B-AC8E-F880B02A4590}.Debug|x86.Build.0 = Debug|Any CPU
		{0DB822BC-FAD9-496B-AC8E-F880B02A4590}.Release|Any CPU.ActiveCfg = Release|Any CPU
		{0DB822BC-FAD9-496B-AC8E-F880B02A4590}.Release|Any CPU.Build.0 = Release|Any CPU
		{0DB822BC-FAD9-496B-AC8E-F880B02A4590}.Release|iPhone.ActiveCfg = Release|Any CPU
		{0DB822BC-FAD9-496B-AC8E-F880B02A4590}.Release|iPhone.Build.0 = Release|Any CPU
		{0DB822BC-FAD9-496B-AC8E-F880B02A4590}.Release|iPhoneSimulator.ActiveCfg = Release|Any CPU
		{0DB822BC-FAD9-496B-AC8E-F880B02A4590}.Release|iPhoneSimulator.Build.0 = Release|Any CPU
		{0DB822BC-FAD9-496B-AC8E-F880B02A4590}.Release|x64.ActiveCfg = Release|Any CPU
		{0DB822BC-FAD9-496B-AC8E-F880B02A4590}.Release|x64.Build.0 = Release|Any CPU
		{0DB822BC-FAD9-496B-AC8E-F880B02A4590}.Release|x86.ActiveCfg = Release|Any CPU
		{0DB822BC-FAD9-496B-AC8E-F880B02A4590}.Release|x86.Build.0 = Release|Any CPU
		{F8783A31-77C7-4C52-9E13-698FE20DC4A3}.Debug|Any CPU.ActiveCfg = Debug|Any CPU
		{F8783A31-77C7-4C52-9E13-698FE20DC4A3}.Debug|Any CPU.Build.0 = Debug|Any CPU
		{F8783A31-77C7-4C52-9E13-698FE20DC4A3}.Debug|iPhone.ActiveCfg = Debug|Any CPU
		{F8783A31-77C7-4C52-9E13-698FE20DC4A3}.Debug|iPhone.Build.0 = Debug|Any CPU
		{F8783A31-77C7-4C52-9E13-698FE20DC4A3}.Debug|iPhoneSimulator.ActiveCfg = Debug|Any CPU
		{F8783A31-77C7-4C52-9E13-698FE20DC4A3}.Debug|iPhoneSimulator.Build.0 = Debug|Any CPU
		{F8783A31-77C7-4C52-9E13-698FE20DC4A3}.Debug|x64.ActiveCfg = Debug|Any CPU
		{F8783A31-77C7-4C52-9E13-698FE20DC4A3}.Debug|x64.Build.0 = Debug|Any CPU
		{F8783A31-77C7-4C52-9E13-698FE20DC4A3}.Debug|x86.ActiveCfg = Debug|Any CPU
		{F8783A31-77C7-4C52-9E13-698FE20DC4A3}.Debug|x86.Build.0 = Debug|Any CPU
		{F8783A31-77C7-4C52-9E13-698FE20DC4A3}.Release|Any CPU.ActiveCfg = Release|Any CPU
		{F8783A31-77C7-4C52-9E13-698FE20DC4A3}.Release|Any CPU.Build.0 = Release|Any CPU
		{F8783A31-77C7-4C52-9E13-698FE20DC4A3}.Release|iPhone.ActiveCfg = Release|Any CPU
		{F8783A31-77C7-4C52-9E13-698FE20DC4A3}.Release|iPhone.Build.0 = Release|Any CPU
		{F8783A31-77C7-4C52-9E13-698FE20DC4A3}.Release|iPhoneSimulator.ActiveCfg = Release|Any CPU
		{F8783A31-77C7-4C52-9E13-698FE20DC4A3}.Release|iPhoneSimulator.Build.0 = Release|Any CPU
		{F8783A31-77C7-4C52-9E13-698FE20DC4A3}.Release|x64.ActiveCfg = Release|Any CPU
		{F8783A31-77C7-4C52-9E13-698FE20DC4A3}.Release|x64.Build.0 = Release|Any CPU
		{F8783A31-77C7-4C52-9E13-698FE20DC4A3}.Release|x86.ActiveCfg = Release|Any CPU
		{F8783A31-77C7-4C52-9E13-698FE20DC4A3}.Release|x86.Build.0 = Release|Any CPU
		{08295E02-DE64-41DF-B647-C6A8716CE816}.Debug|Any CPU.ActiveCfg = Debug|Any CPU
		{08295E02-DE64-41DF-B647-C6A8716CE816}.Debug|Any CPU.Build.0 = Debug|Any CPU
		{08295E02-DE64-41DF-B647-C6A8716CE816}.Debug|iPhone.ActiveCfg = Debug|Any CPU
		{08295E02-DE64-41DF-B647-C6A8716CE816}.Debug|iPhone.Build.0 = Debug|Any CPU
		{08295E02-DE64-41DF-B647-C6A8716CE816}.Debug|iPhoneSimulator.ActiveCfg = Debug|Any CPU
		{08295E02-DE64-41DF-B647-C6A8716CE816}.Debug|iPhoneSimulator.Build.0 = Debug|Any CPU
		{08295E02-DE64-41DF-B647-C6A8716CE816}.Debug|x64.ActiveCfg = Debug|Any CPU
		{08295E02-DE64-41DF-B647-C6A8716CE816}.Debug|x64.Build.0 = Debug|Any CPU
		{08295E02-DE64-41DF-B647-C6A8716CE816}.Debug|x86.ActiveCfg = Debug|Any CPU
		{08295E02-DE64-41DF-B647-C6A8716CE816}.Debug|x86.Build.0 = Debug|Any CPU
		{08295E02-DE64-41DF-B647-C6A8716CE816}.Release|Any CPU.ActiveCfg = Release|Any CPU
		{08295E02-DE64-41DF-B647-C6A8716CE816}.Release|Any CPU.Build.0 = Release|Any CPU
		{08295E02-DE64-41DF-B647-C6A8716CE816}.Release|iPhone.ActiveCfg = Release|Any CPU
		{08295E02-DE64-41DF-B647-C6A8716CE816}.Release|iPhone.Build.0 = Release|Any CPU
		{08295E02-DE64-41DF-B647-C6A8716CE816}.Release|iPhoneSimulator.ActiveCfg = Release|Any CPU
		{08295E02-DE64-41DF-B647-C6A8716CE816}.Release|iPhoneSimulator.Build.0 = Release|Any CPU
		{08295E02-DE64-41DF-B647-C6A8716CE816}.Release|x64.ActiveCfg = Release|Any CPU
		{08295E02-DE64-41DF-B647-C6A8716CE816}.Release|x64.Build.0 = Release|Any CPU
		{08295E02-DE64-41DF-B647-C6A8716CE816}.Release|x86.ActiveCfg = Release|Any CPU
		{08295E02-DE64-41DF-B647-C6A8716CE816}.Release|x86.Build.0 = Release|Any CPU
		{B418C3D4-ACDC-4CF1-9EBC-670F88A6959C}.Debug|Any CPU.ActiveCfg = Debug|Any CPU
		{B418C3D4-ACDC-4CF1-9EBC-670F88A6959C}.Debug|Any CPU.Build.0 = Debug|Any CPU
		{B418C3D4-ACDC-4CF1-9EBC-670F88A6959C}.Debug|Any CPU.Deploy.0 = Debug|Any CPU
		{B418C3D4-ACDC-4CF1-9EBC-670F88A6959C}.Debug|iPhone.ActiveCfg = Debug|Any CPU
		{B418C3D4-ACDC-4CF1-9EBC-670F88A6959C}.Debug|iPhone.Build.0 = Debug|Any CPU
		{B418C3D4-ACDC-4CF1-9EBC-670F88A6959C}.Debug|iPhone.Deploy.0 = Debug|Any CPU
		{B418C3D4-ACDC-4CF1-9EBC-670F88A6959C}.Debug|iPhoneSimulator.ActiveCfg = Debug|Any CPU
		{B418C3D4-ACDC-4CF1-9EBC-670F88A6959C}.Debug|iPhoneSimulator.Build.0 = Debug|Any CPU
		{B418C3D4-ACDC-4CF1-9EBC-670F88A6959C}.Debug|iPhoneSimulator.Deploy.0 = Debug|Any CPU
		{B418C3D4-ACDC-4CF1-9EBC-670F88A6959C}.Debug|x64.ActiveCfg = Debug|Any CPU
		{B418C3D4-ACDC-4CF1-9EBC-670F88A6959C}.Debug|x64.Build.0 = Debug|Any CPU
		{B418C3D4-ACDC-4CF1-9EBC-670F88A6959C}.Debug|x64.Deploy.0 = Debug|Any CPU
		{B418C3D4-ACDC-4CF1-9EBC-670F88A6959C}.Debug|x86.ActiveCfg = Debug|Any CPU
		{B418C3D4-ACDC-4CF1-9EBC-670F88A6959C}.Debug|x86.Build.0 = Debug|Any CPU
		{B418C3D4-ACDC-4CF1-9EBC-670F88A6959C}.Debug|x86.Deploy.0 = Debug|Any CPU
		{B418C3D4-ACDC-4CF1-9EBC-670F88A6959C}.Release|Any CPU.ActiveCfg = Release|Any CPU
		{B418C3D4-ACDC-4CF1-9EBC-670F88A6959C}.Release|Any CPU.Build.0 = Release|Any CPU
		{B418C3D4-ACDC-4CF1-9EBC-670F88A6959C}.Release|Any CPU.Deploy.0 = Release|Any CPU
		{B418C3D4-ACDC-4CF1-9EBC-670F88A6959C}.Release|iPhone.ActiveCfg = Release|Any CPU
		{B418C3D4-ACDC-4CF1-9EBC-670F88A6959C}.Release|iPhone.Build.0 = Release|Any CPU
		{B418C3D4-ACDC-4CF1-9EBC-670F88A6959C}.Release|iPhone.Deploy.0 = Release|Any CPU
		{B418C3D4-ACDC-4CF1-9EBC-670F88A6959C}.Release|iPhoneSimulator.ActiveCfg = Release|Any CPU
		{B418C3D4-ACDC-4CF1-9EBC-670F88A6959C}.Release|iPhoneSimulator.Build.0 = Release|Any CPU
		{B418C3D4-ACDC-4CF1-9EBC-670F88A6959C}.Release|iPhoneSimulator.Deploy.0 = Release|Any CPU
		{B418C3D4-ACDC-4CF1-9EBC-670F88A6959C}.Release|x64.ActiveCfg = Release|Any CPU
		{B418C3D4-ACDC-4CF1-9EBC-670F88A6959C}.Release|x64.Build.0 = Release|Any CPU
		{B418C3D4-ACDC-4CF1-9EBC-670F88A6959C}.Release|x64.Deploy.0 = Release|Any CPU
		{B418C3D4-ACDC-4CF1-9EBC-670F88A6959C}.Release|x86.ActiveCfg = Release|Any CPU
		{B418C3D4-ACDC-4CF1-9EBC-670F88A6959C}.Release|x86.Build.0 = Release|Any CPU
		{B418C3D4-ACDC-4CF1-9EBC-670F88A6959C}.Release|x86.Deploy.0 = Release|Any CPU
		{DFCBF176-F748-47C7-A4A2-44866CF03F49}.Debug|Any CPU.ActiveCfg = Debug|Any CPU
		{DFCBF176-F748-47C7-A4A2-44866CF03F49}.Debug|Any CPU.Build.0 = Debug|Any CPU
		{DFCBF176-F748-47C7-A4A2-44866CF03F49}.Debug|iPhone.ActiveCfg = Debug|Any CPU
		{DFCBF176-F748-47C7-A4A2-44866CF03F49}.Debug|iPhone.Build.0 = Debug|Any CPU
		{DFCBF176-F748-47C7-A4A2-44866CF03F49}.Debug|iPhoneSimulator.ActiveCfg = Debug|Any CPU
		{DFCBF176-F748-47C7-A4A2-44866CF03F49}.Debug|iPhoneSimulator.Build.0 = Debug|Any CPU
		{DFCBF176-F748-47C7-A4A2-44866CF03F49}.Debug|x64.ActiveCfg = Debug|Any CPU
		{DFCBF176-F748-47C7-A4A2-44866CF03F49}.Debug|x64.Build.0 = Debug|Any CPU
		{DFCBF176-F748-47C7-A4A2-44866CF03F49}.Debug|x86.ActiveCfg = Debug|Any CPU
		{DFCBF176-F748-47C7-A4A2-44866CF03F49}.Debug|x86.Build.0 = Debug|Any CPU
		{DFCBF176-F748-47C7-A4A2-44866CF03F49}.Release|Any CPU.ActiveCfg = Release|Any CPU
		{DFCBF176-F748-47C7-A4A2-44866CF03F49}.Release|Any CPU.Build.0 = Release|Any CPU
		{DFCBF176-F748-47C7-A4A2-44866CF03F49}.Release|iPhone.ActiveCfg = Release|Any CPU
		{DFCBF176-F748-47C7-A4A2-44866CF03F49}.Release|iPhone.Build.0 = Release|Any CPU
		{DFCBF176-F748-47C7-A4A2-44866CF03F49}.Release|iPhoneSimulator.ActiveCfg = Release|Any CPU
		{DFCBF176-F748-47C7-A4A2-44866CF03F49}.Release|iPhoneSimulator.Build.0 = Release|Any CPU
		{DFCBF176-F748-47C7-A4A2-44866CF03F49}.Release|x64.ActiveCfg = Release|Any CPU
		{DFCBF176-F748-47C7-A4A2-44866CF03F49}.Release|x64.Build.0 = Release|Any CPU
		{DFCBF176-F748-47C7-A4A2-44866CF03F49}.Release|x86.ActiveCfg = Release|Any CPU
		{DFCBF176-F748-47C7-A4A2-44866CF03F49}.Release|x86.Build.0 = Release|Any CPU
		{AEBCEEB7-0BC5-4FFD-98BD-E551707FA667}.Debug|Any CPU.ActiveCfg = Debug|Any CPU
		{AEBCEEB7-0BC5-4FFD-98BD-E551707FA667}.Debug|Any CPU.Build.0 = Debug|Any CPU
		{AEBCEEB7-0BC5-4FFD-98BD-E551707FA667}.Debug|iPhone.ActiveCfg = Debug|Any CPU
		{AEBCEEB7-0BC5-4FFD-98BD-E551707FA667}.Debug|iPhone.Build.0 = Debug|Any CPU
		{AEBCEEB7-0BC5-4FFD-98BD-E551707FA667}.Debug|iPhoneSimulator.ActiveCfg = Debug|Any CPU
		{AEBCEEB7-0BC5-4FFD-98BD-E551707FA667}.Debug|iPhoneSimulator.Build.0 = Debug|Any CPU
		{AEBCEEB7-0BC5-4FFD-98BD-E551707FA667}.Debug|x64.ActiveCfg = Debug|Any CPU
		{AEBCEEB7-0BC5-4FFD-98BD-E551707FA667}.Debug|x64.Build.0 = Debug|Any CPU
		{AEBCEEB7-0BC5-4FFD-98BD-E551707FA667}.Debug|x86.ActiveCfg = Debug|Any CPU
		{AEBCEEB7-0BC5-4FFD-98BD-E551707FA667}.Debug|x86.Build.0 = Debug|Any CPU
		{AEBCEEB7-0BC5-4FFD-98BD-E551707FA667}.Release|Any CPU.ActiveCfg = Release|Any CPU
		{AEBCEEB7-0BC5-4FFD-98BD-E551707FA667}.Release|Any CPU.Build.0 = Release|Any CPU
		{AEBCEEB7-0BC5-4FFD-98BD-E551707FA667}.Release|iPhone.ActiveCfg = Release|Any CPU
		{AEBCEEB7-0BC5-4FFD-98BD-E551707FA667}.Release|iPhone.Build.0 = Release|Any CPU
		{AEBCEEB7-0BC5-4FFD-98BD-E551707FA667}.Release|iPhoneSimulator.ActiveCfg = Release|Any CPU
		{AEBCEEB7-0BC5-4FFD-98BD-E551707FA667}.Release|iPhoneSimulator.Build.0 = Release|Any CPU
		{AEBCEEB7-0BC5-4FFD-98BD-E551707FA667}.Release|x64.ActiveCfg = Release|Any CPU
		{AEBCEEB7-0BC5-4FFD-98BD-E551707FA667}.Release|x64.Build.0 = Release|Any CPU
		{AEBCEEB7-0BC5-4FFD-98BD-E551707FA667}.Release|x86.ActiveCfg = Release|Any CPU
		{AEBCEEB7-0BC5-4FFD-98BD-E551707FA667}.Release|x86.Build.0 = Release|Any CPU
		{04233029-454E-4639-A37D-9B65BE044BFC}.Debug|Any CPU.ActiveCfg = Debug|Any CPU
		{04233029-454E-4639-A37D-9B65BE044BFC}.Debug|Any CPU.Build.0 = Debug|Any CPU
		{04233029-454E-4639-A37D-9B65BE044BFC}.Debug|iPhone.ActiveCfg = Debug|Any CPU
		{04233029-454E-4639-A37D-9B65BE044BFC}.Debug|iPhone.Build.0 = Debug|Any CPU
		{04233029-454E-4639-A37D-9B65BE044BFC}.Debug|iPhoneSimulator.ActiveCfg = Debug|Any CPU
		{04233029-454E-4639-A37D-9B65BE044BFC}.Debug|iPhoneSimulator.Build.0 = Debug|Any CPU
		{04233029-454E-4639-A37D-9B65BE044BFC}.Debug|x64.ActiveCfg = Debug|Any CPU
		{04233029-454E-4639-A37D-9B65BE044BFC}.Debug|x64.Build.0 = Debug|Any CPU
		{04233029-454E-4639-A37D-9B65BE044BFC}.Debug|x86.ActiveCfg = Debug|Any CPU
		{04233029-454E-4639-A37D-9B65BE044BFC}.Debug|x86.Build.0 = Debug|Any CPU
		{04233029-454E-4639-A37D-9B65BE044BFC}.Release|Any CPU.ActiveCfg = Release|Any CPU
		{04233029-454E-4639-A37D-9B65BE044BFC}.Release|Any CPU.Build.0 = Release|Any CPU
		{04233029-454E-4639-A37D-9B65BE044BFC}.Release|iPhone.ActiveCfg = Release|Any CPU
		{04233029-454E-4639-A37D-9B65BE044BFC}.Release|iPhone.Build.0 = Release|Any CPU
		{04233029-454E-4639-A37D-9B65BE044BFC}.Release|iPhoneSimulator.ActiveCfg = Release|Any CPU
		{04233029-454E-4639-A37D-9B65BE044BFC}.Release|iPhoneSimulator.Build.0 = Release|Any CPU
		{04233029-454E-4639-A37D-9B65BE044BFC}.Release|x64.ActiveCfg = Release|Any CPU
		{04233029-454E-4639-A37D-9B65BE044BFC}.Release|x64.Build.0 = Release|Any CPU
		{04233029-454E-4639-A37D-9B65BE044BFC}.Release|x86.ActiveCfg = Release|Any CPU
		{04233029-454E-4639-A37D-9B65BE044BFC}.Release|x86.Build.0 = Release|Any CPU
		{41D8D3AF-5F65-4E96-85AA-3BCDEC9EC687}.Debug|Any CPU.ActiveCfg = Debug|Any CPU
		{41D8D3AF-5F65-4E96-85AA-3BCDEC9EC687}.Debug|Any CPU.Build.0 = Debug|Any CPU
		{41D8D3AF-5F65-4E96-85AA-3BCDEC9EC687}.Debug|Any CPU.Deploy.0 = Debug|Any CPU
		{41D8D3AF-5F65-4E96-85AA-3BCDEC9EC687}.Debug|iPhone.ActiveCfg = Debug|Any CPU
		{41D8D3AF-5F65-4E96-85AA-3BCDEC9EC687}.Debug|iPhone.Build.0 = Debug|Any CPU
		{41D8D3AF-5F65-4E96-85AA-3BCDEC9EC687}.Debug|iPhone.Deploy.0 = Debug|Any CPU
		{41D8D3AF-5F65-4E96-85AA-3BCDEC9EC687}.Debug|iPhoneSimulator.ActiveCfg = Debug|Any CPU
		{41D8D3AF-5F65-4E96-85AA-3BCDEC9EC687}.Debug|iPhoneSimulator.Build.0 = Debug|Any CPU
		{41D8D3AF-5F65-4E96-85AA-3BCDEC9EC687}.Debug|iPhoneSimulator.Deploy.0 = Debug|Any CPU
		{41D8D3AF-5F65-4E96-85AA-3BCDEC9EC687}.Debug|x64.ActiveCfg = Debug|Any CPU
		{41D8D3AF-5F65-4E96-85AA-3BCDEC9EC687}.Debug|x64.Build.0 = Debug|Any CPU
		{41D8D3AF-5F65-4E96-85AA-3BCDEC9EC687}.Debug|x64.Deploy.0 = Debug|Any CPU
		{41D8D3AF-5F65-4E96-85AA-3BCDEC9EC687}.Debug|x86.ActiveCfg = Debug|Any CPU
		{41D8D3AF-5F65-4E96-85AA-3BCDEC9EC687}.Debug|x86.Build.0 = Debug|Any CPU
		{41D8D3AF-5F65-4E96-85AA-3BCDEC9EC687}.Debug|x86.Deploy.0 = Debug|Any CPU
		{41D8D3AF-5F65-4E96-85AA-3BCDEC9EC687}.Release|Any CPU.ActiveCfg = Release|Any CPU
		{41D8D3AF-5F65-4E96-85AA-3BCDEC9EC687}.Release|Any CPU.Build.0 = Release|Any CPU
		{41D8D3AF-5F65-4E96-85AA-3BCDEC9EC687}.Release|Any CPU.Deploy.0 = Release|Any CPU
		{41D8D3AF-5F65-4E96-85AA-3BCDEC9EC687}.Release|iPhone.ActiveCfg = Release|Any CPU
		{41D8D3AF-5F65-4E96-85AA-3BCDEC9EC687}.Release|iPhone.Build.0 = Release|Any CPU
		{41D8D3AF-5F65-4E96-85AA-3BCDEC9EC687}.Release|iPhone.Deploy.0 = Release|Any CPU
		{41D8D3AF-5F65-4E96-85AA-3BCDEC9EC687}.Release|iPhoneSimulator.ActiveCfg = Release|Any CPU
		{41D8D3AF-5F65-4E96-85AA-3BCDEC9EC687}.Release|iPhoneSimulator.Build.0 = Release|Any CPU
		{41D8D3AF-5F65-4E96-85AA-3BCDEC9EC687}.Release|iPhoneSimulator.Deploy.0 = Release|Any CPU
		{41D8D3AF-5F65-4E96-85AA-3BCDEC9EC687}.Release|x64.ActiveCfg = Release|Any CPU
		{41D8D3AF-5F65-4E96-85AA-3BCDEC9EC687}.Release|x64.Build.0 = Release|Any CPU
		{41D8D3AF-5F65-4E96-85AA-3BCDEC9EC687}.Release|x64.Deploy.0 = Release|Any CPU
		{41D8D3AF-5F65-4E96-85AA-3BCDEC9EC687}.Release|x86.ActiveCfg = Release|Any CPU
		{41D8D3AF-5F65-4E96-85AA-3BCDEC9EC687}.Release|x86.Build.0 = Release|Any CPU
		{41D8D3AF-5F65-4E96-85AA-3BCDEC9EC687}.Release|x86.Deploy.0 = Release|Any CPU
		{95996E7A-EC45-440F-98DF-919D6C07FA4D}.Debug|Any CPU.ActiveCfg = Debug|Any CPU
		{95996E7A-EC45-440F-98DF-919D6C07FA4D}.Debug|Any CPU.Build.0 = Debug|Any CPU
		{95996E7A-EC45-440F-98DF-919D6C07FA4D}.Debug|iPhone.ActiveCfg = Debug|Any CPU
		{95996E7A-EC45-440F-98DF-919D6C07FA4D}.Debug|iPhone.Build.0 = Debug|Any CPU
		{95996E7A-EC45-440F-98DF-919D6C07FA4D}.Debug|iPhoneSimulator.ActiveCfg = Debug|Any CPU
		{95996E7A-EC45-440F-98DF-919D6C07FA4D}.Debug|iPhoneSimulator.Build.0 = Debug|Any CPU
		{95996E7A-EC45-440F-98DF-919D6C07FA4D}.Debug|x64.ActiveCfg = Debug|Any CPU
		{95996E7A-EC45-440F-98DF-919D6C07FA4D}.Debug|x64.Build.0 = Debug|Any CPU
		{95996E7A-EC45-440F-98DF-919D6C07FA4D}.Debug|x86.ActiveCfg = Debug|Any CPU
		{95996E7A-EC45-440F-98DF-919D6C07FA4D}.Debug|x86.Build.0 = Debug|Any CPU
		{95996E7A-EC45-440F-98DF-919D6C07FA4D}.Release|Any CPU.ActiveCfg = Release|Any CPU
		{95996E7A-EC45-440F-98DF-919D6C07FA4D}.Release|Any CPU.Build.0 = Release|Any CPU
		{95996E7A-EC45-440F-98DF-919D6C07FA4D}.Release|iPhone.ActiveCfg = Release|Any CPU
		{95996E7A-EC45-440F-98DF-919D6C07FA4D}.Release|iPhone.Build.0 = Release|Any CPU
		{95996E7A-EC45-440F-98DF-919D6C07FA4D}.Release|iPhoneSimulator.ActiveCfg = Release|Any CPU
		{95996E7A-EC45-440F-98DF-919D6C07FA4D}.Release|iPhoneSimulator.Build.0 = Release|Any CPU
		{95996E7A-EC45-440F-98DF-919D6C07FA4D}.Release|x64.ActiveCfg = Release|Any CPU
		{95996E7A-EC45-440F-98DF-919D6C07FA4D}.Release|x64.Build.0 = Release|Any CPU
		{95996E7A-EC45-440F-98DF-919D6C07FA4D}.Release|x86.ActiveCfg = Release|Any CPU
		{95996E7A-EC45-440F-98DF-919D6C07FA4D}.Release|x86.Build.0 = Release|Any CPU
		{44831231-43A2-46EB-A4CF-73A7F6C06CB1}.Debug|Any CPU.ActiveCfg = Debug|iPhoneSimulator
		{44831231-43A2-46EB-A4CF-73A7F6C06CB1}.Debug|Any CPU.Build.0 = Debug|iPhoneSimulator
		{44831231-43A2-46EB-A4CF-73A7F6C06CB1}.Debug|iPhone.ActiveCfg = Debug|iPhone
		{44831231-43A2-46EB-A4CF-73A7F6C06CB1}.Debug|iPhone.Build.0 = Debug|iPhone
		{44831231-43A2-46EB-A4CF-73A7F6C06CB1}.Debug|iPhoneSimulator.ActiveCfg = Debug|iPhoneSimulator
		{44831231-43A2-46EB-A4CF-73A7F6C06CB1}.Debug|iPhoneSimulator.Build.0 = Debug|iPhoneSimulator
		{44831231-43A2-46EB-A4CF-73A7F6C06CB1}.Debug|x64.ActiveCfg = Debug|iPhone
		{44831231-43A2-46EB-A4CF-73A7F6C06CB1}.Debug|x86.ActiveCfg = Debug|iPhoneSimulator
		{44831231-43A2-46EB-A4CF-73A7F6C06CB1}.Debug|x86.Build.0 = Debug|iPhoneSimulator
		{44831231-43A2-46EB-A4CF-73A7F6C06CB1}.Release|Any CPU.ActiveCfg = Release|iPhone
		{44831231-43A2-46EB-A4CF-73A7F6C06CB1}.Release|Any CPU.Build.0 = Release|iPhone
		{44831231-43A2-46EB-A4CF-73A7F6C06CB1}.Release|iPhone.ActiveCfg = Release|iPhone
		{44831231-43A2-46EB-A4CF-73A7F6C06CB1}.Release|iPhone.Build.0 = Release|iPhone
		{44831231-43A2-46EB-A4CF-73A7F6C06CB1}.Release|iPhoneSimulator.ActiveCfg = Release|iPhoneSimulator
		{44831231-43A2-46EB-A4CF-73A7F6C06CB1}.Release|iPhoneSimulator.Build.0 = Release|iPhoneSimulator
		{44831231-43A2-46EB-A4CF-73A7F6C06CB1}.Release|x64.ActiveCfg = Release|iPhoneSimulator
		{44831231-43A2-46EB-A4CF-73A7F6C06CB1}.Release|x86.ActiveCfg = Release|iPhone
		{44831231-43A2-46EB-A4CF-73A7F6C06CB1}.Release|x86.Build.0 = Release|iPhone
		{87799ACB-D52F-4655-BAB7-5F3DAB61CEC4}.Debug|Any CPU.ActiveCfg = Debug|Any CPU
		{87799ACB-D52F-4655-BAB7-5F3DAB61CEC4}.Debug|Any CPU.Build.0 = Debug|Any CPU
		{87799ACB-D52F-4655-BAB7-5F3DAB61CEC4}.Debug|iPhone.ActiveCfg = Debug|Any CPU
		{87799ACB-D52F-4655-BAB7-5F3DAB61CEC4}.Debug|iPhone.Build.0 = Debug|Any CPU
		{87799ACB-D52F-4655-BAB7-5F3DAB61CEC4}.Debug|iPhoneSimulator.ActiveCfg = Debug|Any CPU
		{87799ACB-D52F-4655-BAB7-5F3DAB61CEC4}.Debug|iPhoneSimulator.Build.0 = Debug|Any CPU
		{87799ACB-D52F-4655-BAB7-5F3DAB61CEC4}.Debug|x64.ActiveCfg = Debug|Any CPU
		{87799ACB-D52F-4655-BAB7-5F3DAB61CEC4}.Debug|x64.Build.0 = Debug|Any CPU
		{87799ACB-D52F-4655-BAB7-5F3DAB61CEC4}.Debug|x86.ActiveCfg = Debug|Any CPU
		{87799ACB-D52F-4655-BAB7-5F3DAB61CEC4}.Debug|x86.Build.0 = Debug|Any CPU
		{87799ACB-D52F-4655-BAB7-5F3DAB61CEC4}.Release|Any CPU.ActiveCfg = Release|Any CPU
		{87799ACB-D52F-4655-BAB7-5F3DAB61CEC4}.Release|Any CPU.Build.0 = Release|Any CPU
		{87799ACB-D52F-4655-BAB7-5F3DAB61CEC4}.Release|iPhone.ActiveCfg = Release|Any CPU
		{87799ACB-D52F-4655-BAB7-5F3DAB61CEC4}.Release|iPhone.Build.0 = Release|Any CPU
		{87799ACB-D52F-4655-BAB7-5F3DAB61CEC4}.Release|iPhoneSimulator.ActiveCfg = Release|Any CPU
		{87799ACB-D52F-4655-BAB7-5F3DAB61CEC4}.Release|iPhoneSimulator.Build.0 = Release|Any CPU
		{87799ACB-D52F-4655-BAB7-5F3DAB61CEC4}.Release|x64.ActiveCfg = Release|Any CPU
		{87799ACB-D52F-4655-BAB7-5F3DAB61CEC4}.Release|x64.Build.0 = Release|Any CPU
		{87799ACB-D52F-4655-BAB7-5F3DAB61CEC4}.Release|x86.ActiveCfg = Release|Any CPU
		{87799ACB-D52F-4655-BAB7-5F3DAB61CEC4}.Release|x86.Build.0 = Release|Any CPU
		{ACA34411-A77F-4DC2-9CD8-3AA3F64C432B}.Debug|Any CPU.ActiveCfg = Debug|Any CPU
		{ACA34411-A77F-4DC2-9CD8-3AA3F64C432B}.Debug|Any CPU.Build.0 = Debug|Any CPU
		{ACA34411-A77F-4DC2-9CD8-3AA3F64C432B}.Debug|iPhone.ActiveCfg = Debug|Any CPU
		{ACA34411-A77F-4DC2-9CD8-3AA3F64C432B}.Debug|iPhone.Build.0 = Debug|Any CPU
		{ACA34411-A77F-4DC2-9CD8-3AA3F64C432B}.Debug|iPhoneSimulator.ActiveCfg = Debug|Any CPU
		{ACA34411-A77F-4DC2-9CD8-3AA3F64C432B}.Debug|iPhoneSimulator.Build.0 = Debug|Any CPU
		{ACA34411-A77F-4DC2-9CD8-3AA3F64C432B}.Debug|x64.ActiveCfg = Debug|Any CPU
		{ACA34411-A77F-4DC2-9CD8-3AA3F64C432B}.Debug|x64.Build.0 = Debug|Any CPU
		{ACA34411-A77F-4DC2-9CD8-3AA3F64C432B}.Debug|x86.ActiveCfg = Debug|Any CPU
		{ACA34411-A77F-4DC2-9CD8-3AA3F64C432B}.Debug|x86.Build.0 = Debug|Any CPU
		{ACA34411-A77F-4DC2-9CD8-3AA3F64C432B}.Release|Any CPU.ActiveCfg = Release|Any CPU
		{ACA34411-A77F-4DC2-9CD8-3AA3F64C432B}.Release|Any CPU.Build.0 = Release|Any CPU
		{ACA34411-A77F-4DC2-9CD8-3AA3F64C432B}.Release|iPhone.ActiveCfg = Release|Any CPU
		{ACA34411-A77F-4DC2-9CD8-3AA3F64C432B}.Release|iPhone.Build.0 = Release|Any CPU
		{ACA34411-A77F-4DC2-9CD8-3AA3F64C432B}.Release|iPhoneSimulator.ActiveCfg = Release|Any CPU
		{ACA34411-A77F-4DC2-9CD8-3AA3F64C432B}.Release|iPhoneSimulator.Build.0 = Release|Any CPU
		{ACA34411-A77F-4DC2-9CD8-3AA3F64C432B}.Release|x64.ActiveCfg = Release|Any CPU
		{ACA34411-A77F-4DC2-9CD8-3AA3F64C432B}.Release|x64.Build.0 = Release|Any CPU
		{ACA34411-A77F-4DC2-9CD8-3AA3F64C432B}.Release|x86.ActiveCfg = Release|Any CPU
		{ACA34411-A77F-4DC2-9CD8-3AA3F64C432B}.Release|x86.Build.0 = Release|Any CPU
	EndGlobalSection
	GlobalSection(SolutionProperties) = preSolution
		HideSolutionNode = FALSE
	EndGlobalSection
	GlobalSection(MonoDevelopProperties) = preSolution
		Policies = $0
		$0.TextStylePolicy = $6
		$6.FileWidth = 120
		$6.TabsToSpaces = False
		$6.inheritsSet = VisualStudio
		$6.inheritsScope = text/plain
		$0.TextStylePolicy = $7
		$7.FileWidth = 120
		$7.TabWidth = 3
		$7.IndentWidth = 3
		$7.inheritsSet = VisualStudio
		$7.inheritsScope = text/plain
		$7.scope = text/x-csharp
		$0.CSharpFormattingPolicy = $8
		$8.IndentSwitchSection = True
		$8.NewLinesForBracesInTypes = False
		$8.NewLinesForBracesInMethods = False
		$8.NewLineForMembersInObjectInit = True
		$8.NewLineForMembersInAnonymousTypes = True
		$8.NewLineForClausesInQuery = True
		$8.SpacingAfterMethodDeclarationName = False
		$8.SpaceAfterMethodCallName = False
		$8.SpaceBeforeOpenSquareBracket = False
		$8.inheritsSet = Mono
		$8.inheritsScope = text/x-csharp
		$8.scope = text/x-csharp
	EndGlobalSection
EndGlobal
