
Microsoft Visual Studio Solution File, Format Version 12.00
# Visual Studio 15
VisualStudioVersion = 15.0.26228.4
MinimumVisualStudioVersion = 10.0.40219.1
Project("{FAE04EC0-301F-11D3-BF4B-00C04F79EFBC}") = "scratchpad-android", "scratchpad-android\scratchpad-android.csproj", "{5B7F0B2B-685D-43A5-8608-D5E8FA455498}"
EndProject
Project("{FAE04EC0-301F-11D3-BF4B-00C04F79EFBC}") = "AndroidTest", "AndroidTest\AndroidTest.csproj", "{FD4B66A8-03DC-43B1-AAB9-C6451A401963}"
EndProject
Project("{FAE04EC0-301F-11D3-BF4B-00C04F79EFBC}") = "AndroidTest.Droid", "Droid\AndroidTest.Droid.csproj", "{25F45252-8991-4985-A7F9-4866BA8E09F2}"
EndProject
Project("{FAE04EC0-301F-11D3-BF4B-00C04F79EFBC}") = "identities-test-mac", "identities-test-mac\identities-test-mac.csproj", "{83A75F3E-EFAD-4237-AE27-3D54D7183028}"
EndProject
Project("{9A19103F-16F7-4668-BE54-9A1E7A4F7556}") = "CampfireNet.Core", "CampfireNet.Core\CampfireNet.Core.csproj", "{74987653-09DA-4274-BEC8-759F95BC9836}"
EndProject
Project("{9A19103F-16F7-4668-BE54-9A1E7A4F7556}") = "CampfireNet.Utilities", "CampfireNet.Utilities\CampfireNet.Utilities.csproj", "{2B952A46-062B-4238-933F-923BC8E77FC9}"
EndProject
Project("{2150E333-8FDC-42A3-9474-1A3956D46DE8}") = "Solution Items", "Solution Items", "{2DA4F66E-3BC4-48FC-B8CA-F7B2E2F397F2}"
	ProjectSection(SolutionItems) = preProject
		Scratch.txt = Scratch.txt
	EndProjectSection
EndProject
Project("{FAE04EC0-301F-11D3-BF4B-00C04F79EFBC}") = "AndroidThrowaway", "AndroidThrowaway\AndroidThrowaway.csproj", "{1F8E835B-8853-4755-ABA0-F421EEB2751B}"
EndProject
Project("{9A19103F-16F7-4668-BE54-9A1E7A4F7556}") = "CampfireNet.Identities", "CampfireNet.Identities\CampfireNet.Identities.csproj", "{0DB822BC-FAD9-496B-AC8E-F880B02A4590}"
EndProject
Project("{FAE04EC0-301F-11D3-BF4B-00C04F79EFBC}") = "ExampleConsoleAppNetFramework", "ExampleConsoleAppNetFramework\ExampleConsoleAppNetFramework.csproj", "{52448BC4-674D-46EE-857A-269FCA035F67}"
EndProject
Project("{FAE04EC0-301F-11D3-BF4B-00C04F79EFBC}") = "AndroidTest.iOS", "iOS\AndroidTest.iOS.csproj", "{C4D547CD-1ABD-45E6-B2C7-EF3C3AD0B775}"
EndProject
Project("{9A19103F-16F7-4668-BE54-9A1E7A4F7556}") = "CampfireNet.Simulator.Windows", "CampfireNet.Simulator.Windows\CampfireNet.Simulator.Windows.csproj", "{A26B9CA3-AFD5-496C-B52D-F50CF145455B}"
EndProject
Project("{9A19103F-16F7-4668-BE54-9A1E7A4F7556}") = "CampfireNet.Windows", "CampfireNet.Windows\CampfireNet.Windows.csproj", "{374925C7-4EB8-4ACB-BB25-A3DD65112218}"
EndProject
Project("{FAE04EC0-301F-11D3-BF4B-00C04F79EFBC}") = "CampfireNet.Android", "CampfireNet.Android\CampfireNet.Android.csproj", "{F8783A31-77C7-4C52-9E13-698FE20DC4A3}"
EndProject
Project("{9A19103F-16F7-4668-BE54-9A1E7A4F7556}") = "CampfireChat.Core", "CampfireChat.Core\CampfireChat.Core.csproj", "{08295E02-DE64-41DF-B647-C6A8716CE816}"
EndProject
Project("{FAE04EC0-301F-11D3-BF4B-00C04F79EFBC}") = "CampfireChat", "CampfireChat\CampfireChat.csproj", "{B418C3D4-ACDC-4CF1-9EBC-670F88A6959C}"
EndProject
Global
	GlobalSection(SolutionConfigurationPlatforms) = preSolution
		Debug|Any CPU = Debug|Any CPU
		Debug|iPhone = Debug|iPhone
		Debug|iPhoneSimulator = Debug|iPhoneSimulator
		Debug|x64 = Debug|x64
		Debug|x86 = Debug|x86
		Release|Any CPU = Release|Any CPU
		Release|iPhone = Release|iPhone
		Release|iPhoneSimulator = Release|iPhoneSimulator
		Release|x64 = Release|x64
		Release|x86 = Release|x86
	EndGlobalSection
	GlobalSection(ProjectConfigurationPlatforms) = postSolution
		{5B7F0B2B-685D-43A5-8608-D5E8FA455498}.Debug|Any CPU.ActiveCfg = Debug|Any CPU
		{5B7F0B2B-685D-43A5-8608-D5E8FA455498}.Debug|Any CPU.Build.0 = Debug|Any CPU
		{5B7F0B2B-685D-43A5-8608-D5E8FA455498}.Debug|iPhone.ActiveCfg = Debug|Any CPU
		{5B7F0B2B-685D-43A5-8608-D5E8FA455498}.Debug|iPhone.Build.0 = Debug|Any CPU
		{5B7F0B2B-685D-43A5-8608-D5E8FA455498}.Debug|iPhoneSimulator.ActiveCfg = Debug|Any CPU
		{5B7F0B2B-685D-43A5-8608-D5E8FA455498}.Debug|iPhoneSimulator.Build.0 = Debug|Any CPU
		{5B7F0B2B-685D-43A5-8608-D5E8FA455498}.Debug|x64.ActiveCfg = Debug|Any CPU
		{5B7F0B2B-685D-43A5-8608-D5E8FA455498}.Debug|x64.Build.0 = Debug|Any CPU
		{5B7F0B2B-685D-43A5-8608-D5E8FA455498}.Debug|x86.ActiveCfg = Debug|Any CPU
		{5B7F0B2B-685D-43A5-8608-D5E8FA455498}.Debug|x86.Build.0 = Debug|Any CPU
		{5B7F0B2B-685D-43A5-8608-D5E8FA455498}.Release|Any CPU.ActiveCfg = Release|Any CPU
		{5B7F0B2B-685D-43A5-8608-D5E8FA455498}.Release|Any CPU.Build.0 = Release|Any CPU
		{5B7F0B2B-685D-43A5-8608-D5E8FA455498}.Release|iPhone.ActiveCfg = Release|Any CPU
		{5B7F0B2B-685D-43A5-8608-D5E8FA455498}.Release|iPhone.Build.0 = Release|Any CPU
		{5B7F0B2B-685D-43A5-8608-D5E8FA455498}.Release|iPhoneSimulator.ActiveCfg = Release|Any CPU
		{5B7F0B2B-685D-43A5-8608-D5E8FA455498}.Release|iPhoneSimulator.Build.0 = Release|Any CPU
		{5B7F0B2B-685D-43A5-8608-D5E8FA455498}.Release|x64.ActiveCfg = Release|Any CPU
		{5B7F0B2B-685D-43A5-8608-D5E8FA455498}.Release|x64.Build.0 = Release|Any CPU
		{5B7F0B2B-685D-43A5-8608-D5E8FA455498}.Release|x86.ActiveCfg = Release|Any CPU
		{5B7F0B2B-685D-43A5-8608-D5E8FA455498}.Release|x86.Build.0 = Release|Any CPU
		{FD4B66A8-03DC-43B1-AAB9-C6451A401963}.Debug|Any CPU.ActiveCfg = Debug|Any CPU
		{FD4B66A8-03DC-43B1-AAB9-C6451A401963}.Debug|Any CPU.Build.0 = Debug|Any CPU
		{FD4B66A8-03DC-43B1-AAB9-C6451A401963}.Debug|iPhone.ActiveCfg = Debug|Any CPU
		{FD4B66A8-03DC-43B1-AAB9-C6451A401963}.Debug|iPhone.Build.0 = Debug|Any CPU
		{FD4B66A8-03DC-43B1-AAB9-C6451A401963}.Debug|iPhoneSimulator.ActiveCfg = Debug|Any CPU
		{FD4B66A8-03DC-43B1-AAB9-C6451A401963}.Debug|iPhoneSimulator.Build.0 = Debug|Any CPU
		{FD4B66A8-03DC-43B1-AAB9-C6451A401963}.Debug|x64.ActiveCfg = Debug|Any CPU
		{FD4B66A8-03DC-43B1-AAB9-C6451A401963}.Debug|x64.Build.0 = Debug|Any CPU
		{FD4B66A8-03DC-43B1-AAB9-C6451A401963}.Debug|x86.ActiveCfg = Debug|Any CPU
		{FD4B66A8-03DC-43B1-AAB9-C6451A401963}.Debug|x86.Build.0 = Debug|Any CPU
		{FD4B66A8-03DC-43B1-AAB9-C6451A401963}.Release|Any CPU.ActiveCfg = Release|Any CPU
		{FD4B66A8-03DC-43B1-AAB9-C6451A401963}.Release|Any CPU.Build.0 = Release|Any CPU
		{FD4B66A8-03DC-43B1-AAB9-C6451A401963}.Release|iPhone.ActiveCfg = Release|Any CPU
		{FD4B66A8-03DC-43B1-AAB9-C6451A401963}.Release|iPhone.Build.0 = Release|Any CPU
		{FD4B66A8-03DC-43B1-AAB9-C6451A401963}.Release|iPhoneSimulator.ActiveCfg = Release|Any CPU
		{FD4B66A8-03DC-43B1-AAB9-C6451A401963}.Release|iPhoneSimulator.Build.0 = Release|Any CPU
		{FD4B66A8-03DC-43B1-AAB9-C6451A401963}.Release|x64.ActiveCfg = Release|Any CPU
		{FD4B66A8-03DC-43B1-AAB9-C6451A401963}.Release|x64.Build.0 = Release|Any CPU
		{FD4B66A8-03DC-43B1-AAB9-C6451A401963}.Release|x86.ActiveCfg = Release|Any CPU
		{FD4B66A8-03DC-43B1-AAB9-C6451A401963}.Release|x86.Build.0 = Release|Any CPU
		{25F45252-8991-4985-A7F9-4866BA8E09F2}.Debug|Any CPU.ActiveCfg = Debug|Any CPU
		{25F45252-8991-4985-A7F9-4866BA8E09F2}.Debug|Any CPU.Build.0 = Debug|Any CPU
		{25F45252-8991-4985-A7F9-4866BA8E09F2}.Debug|Any CPU.Deploy.0 = Debug|Any CPU
		{25F45252-8991-4985-A7F9-4866BA8E09F2}.Debug|iPhone.ActiveCfg = Debug|Any CPU
		{25F45252-8991-4985-A7F9-4866BA8E09F2}.Debug|iPhone.Build.0 = Debug|Any CPU
		{25F45252-8991-4985-A7F9-4866BA8E09F2}.Debug|iPhoneSimulator.ActiveCfg = Debug|Any CPU
		{25F45252-8991-4985-A7F9-4866BA8E09F2}.Debug|iPhoneSimulator.Build.0 = Debug|Any CPU
		{25F45252-8991-4985-A7F9-4866BA8E09F2}.Debug|x64.ActiveCfg = Debug|Any CPU
		{25F45252-8991-4985-A7F9-4866BA8E09F2}.Debug|x64.Build.0 = Debug|Any CPU
		{25F45252-8991-4985-A7F9-4866BA8E09F2}.Debug|x64.Deploy.0 = Debug|Any CPU
		{25F45252-8991-4985-A7F9-4866BA8E09F2}.Debug|x86.ActiveCfg = Debug|Any CPU
		{25F45252-8991-4985-A7F9-4866BA8E09F2}.Debug|x86.Build.0 = Debug|Any CPU
		{25F45252-8991-4985-A7F9-4866BA8E09F2}.Release|Any CPU.ActiveCfg = Release|Any CPU
		{25F45252-8991-4985-A7F9-4866BA8E09F2}.Release|Any CPU.Build.0 = Release|Any CPU
		{25F45252-8991-4985-A7F9-4866BA8E09F2}.Release|Any CPU.Deploy.0 = Release|Any CPU
		{25F45252-8991-4985-A7F9-4866BA8E09F2}.Release|iPhone.ActiveCfg = Release|Any CPU
		{25F45252-8991-4985-A7F9-4866BA8E09F2}.Release|iPhone.Build.0 = Release|Any CPU
		{25F45252-8991-4985-A7F9-4866BA8E09F2}.Release|iPhoneSimulator.ActiveCfg = Release|Any CPU
		{25F45252-8991-4985-A7F9-4866BA8E09F2}.Release|iPhoneSimulator.Build.0 = Release|Any CPU
		{25F45252-8991-4985-A7F9-4866BA8E09F2}.Release|x64.ActiveCfg = Release|Any CPU
		{25F45252-8991-4985-A7F9-4866BA8E09F2}.Release|x64.Build.0 = Release|Any CPU
		{25F45252-8991-4985-A7F9-4866BA8E09F2}.Release|x64.Deploy.0 = Release|Any CPU
		{25F45252-8991-4985-A7F9-4866BA8E09F2}.Release|x86.ActiveCfg = Release|Any CPU
		{25F45252-8991-4985-A7F9-4866BA8E09F2}.Release|x86.Build.0 = Release|Any CPU
		{83A75F3E-EFAD-4237-AE27-3D54D7183028}.Debug|Any CPU.ActiveCfg = Debug|Any CPU
		{83A75F3E-EFAD-4237-AE27-3D54D7183028}.Debug|Any CPU.Build.0 = Debug|Any CPU
		{83A75F3E-EFAD-4237-AE27-3D54D7183028}.Debug|iPhone.ActiveCfg = Debug|Any CPU
		{83A75F3E-EFAD-4237-AE27-3D54D7183028}.Debug|iPhone.Build.0 = Debug|Any CPU
		{83A75F3E-EFAD-4237-AE27-3D54D7183028}.Debug|iPhoneSimulator.ActiveCfg = Debug|Any CPU
		{83A75F3E-EFAD-4237-AE27-3D54D7183028}.Debug|iPhoneSimulator.Build.0 = Debug|Any CPU
		{83A75F3E-EFAD-4237-AE27-3D54D7183028}.Debug|x64.ActiveCfg = Debug|Any CPU
		{83A75F3E-EFAD-4237-AE27-3D54D7183028}.Debug|x64.Build.0 = Debug|Any CPU
		{83A75F3E-EFAD-4237-AE27-3D54D7183028}.Debug|x86.ActiveCfg = Debug|Any CPU
		{83A75F3E-EFAD-4237-AE27-3D54D7183028}.Debug|x86.Build.0 = Debug|Any CPU
		{83A75F3E-EFAD-4237-AE27-3D54D7183028}.Release|Any CPU.ActiveCfg = Release|Any CPU
		{83A75F3E-EFAD-4237-AE27-3D54D7183028}.Release|Any CPU.Build.0 = Release|Any CPU
		{83A75F3E-EFAD-4237-AE27-3D54D7183028}.Release|iPhone.ActiveCfg = Release|Any CPU
		{83A75F3E-EFAD-4237-AE27-3D54D7183028}.Release|iPhone.Build.0 = Release|Any CPU
		{83A75F3E-EFAD-4237-AE27-3D54D7183028}.Release|iPhoneSimulator.ActiveCfg = Release|Any CPU
		{83A75F3E-EFAD-4237-AE27-3D54D7183028}.Release|iPhoneSimulator.Build.0 = Release|Any CPU
		{83A75F3E-EFAD-4237-AE27-3D54D7183028}.Release|x64.ActiveCfg = Release|Any CPU
		{83A75F3E-EFAD-4237-AE27-3D54D7183028}.Release|x64.Build.0 = Release|Any CPU
		{83A75F3E-EFAD-4237-AE27-3D54D7183028}.Release|x86.ActiveCfg = Release|Any CPU
		{83A75F3E-EFAD-4237-AE27-3D54D7183028}.Release|x86.Build.0 = Release|Any CPU
		{74987653-09DA-4274-BEC8-759F95BC9836}.Debug|Any CPU.ActiveCfg = Debug|Any CPU
		{74987653-09DA-4274-BEC8-759F95BC9836}.Debug|Any CPU.Build.0 = Debug|Any CPU
		{74987653-09DA-4274-BEC8-759F95BC9836}.Debug|iPhone.ActiveCfg = Debug|Any CPU
		{74987653-09DA-4274-BEC8-759F95BC9836}.Debug|iPhone.Build.0 = Debug|Any CPU
		{74987653-09DA-4274-BEC8-759F95BC9836}.Debug|iPhoneSimulator.ActiveCfg = Debug|Any CPU
		{74987653-09DA-4274-BEC8-759F95BC9836}.Debug|iPhoneSimulator.Build.0 = Debug|Any CPU
		{74987653-09DA-4274-BEC8-759F95BC9836}.Debug|x64.ActiveCfg = Debug|Any CPU
		{74987653-09DA-4274-BEC8-759F95BC9836}.Debug|x64.Build.0 = Debug|Any CPU
		{74987653-09DA-4274-BEC8-759F95BC9836}.Debug|x86.ActiveCfg = Debug|Any CPU
		{74987653-09DA-4274-BEC8-759F95BC9836}.Debug|x86.Build.0 = Debug|Any CPU
		{74987653-09DA-4274-BEC8-759F95BC9836}.Release|Any CPU.ActiveCfg = Release|Any CPU
		{74987653-09DA-4274-BEC8-759F95BC9836}.Release|Any CPU.Build.0 = Release|Any CPU
		{74987653-09DA-4274-BEC8-759F95BC9836}.Release|iPhone.ActiveCfg = Release|Any CPU
		{74987653-09DA-4274-BEC8-759F95BC9836}.Release|iPhone.Build.0 = Release|Any CPU
		{74987653-09DA-4274-BEC8-759F95BC9836}.Release|iPhoneSimulator.ActiveCfg = Release|Any CPU
		{74987653-09DA-4274-BEC8-759F95BC9836}.Release|iPhoneSimulator.Build.0 = Release|Any CPU
		{74987653-09DA-4274-BEC8-759F95BC9836}.Release|x64.ActiveCfg = Release|Any CPU
		{74987653-09DA-4274-BEC8-759F95BC9836}.Release|x64.Build.0 = Release|Any CPU
		{74987653-09DA-4274-BEC8-759F95BC9836}.Release|x86.ActiveCfg = Release|Any CPU
		{74987653-09DA-4274-BEC8-759F95BC9836}.Release|x86.Build.0 = Release|Any CPU
		{2B952A46-062B-4238-933F-923BC8E77FC9}.Debug|Any CPU.ActiveCfg = Debug|Any CPU
		{2B952A46-062B-4238-933F-923BC8E77FC9}.Debug|Any CPU.Build.0 = Debug|Any CPU
		{2B952A46-062B-4238-933F-923BC8E77FC9}.Debug|iPhone.ActiveCfg = Debug|Any CPU
		{2B952A46-062B-4238-933F-923BC8E77FC9}.Debug|iPhone.Build.0 = Debug|Any CPU
		{2B952A46-062B-4238-933F-923BC8E77FC9}.Debug|iPhoneSimulator.ActiveCfg = Debug|Any CPU
		{2B952A46-062B-4238-933F-923BC8E77FC9}.Debug|iPhoneSimulator.Build.0 = Debug|Any CPU
		{2B952A46-062B-4238-933F-923BC8E77FC9}.Debug|x64.ActiveCfg = Debug|Any CPU
		{2B952A46-062B-4238-933F-923BC8E77FC9}.Debug|x64.Build.0 = Debug|Any CPU
		{2B952A46-062B-4238-933F-923BC8E77FC9}.Debug|x86.ActiveCfg = Debug|Any CPU
		{2B952A46-062B-4238-933F-923BC8E77FC9}.Debug|x86.Build.0 = Debug|Any CPU
		{2B952A46-062B-4238-933F-923BC8E77FC9}.Release|Any CPU.ActiveCfg = Release|Any CPU
		{2B952A46-062B-4238-933F-923BC8E77FC9}.Release|Any CPU.Build.0 = Release|Any CPU
		{2B952A46-062B-4238-933F-923BC8E77FC9}.Release|iPhone.ActiveCfg = Release|Any CPU
		{2B952A46-062B-4238-933F-923BC8E77FC9}.Release|iPhone.Build.0 = Release|Any CPU
		{2B952A46-062B-4238-933F-923BC8E77FC9}.Release|iPhoneSimulator.ActiveCfg = Release|Any CPU
		{2B952A46-062B-4238-933F-923BC8E77FC9}.Release|iPhoneSimulator.Build.0 = Release|Any CPU
		{2B952A46-062B-4238-933F-923BC8E77FC9}.Release|x64.ActiveCfg = Release|Any CPU
		{2B952A46-062B-4238-933F-923BC8E77FC9}.Release|x64.Build.0 = Release|Any CPU
		{2B952A46-062B-4238-933F-923BC8E77FC9}.Release|x86.ActiveCfg = Release|Any CPU
		{2B952A46-062B-4238-933F-923BC8E77FC9}.Release|x86.Build.0 = Release|Any CPU
		{1F8E835B-8853-4755-ABA0-F421EEB2751B}.Debug|Any CPU.ActiveCfg = Debug|Any CPU
		{1F8E835B-8853-4755-ABA0-F421EEB2751B}.Debug|Any CPU.Build.0 = Debug|Any CPU
		{1F8E835B-8853-4755-ABA0-F421EEB2751B}.Debug|Any CPU.Deploy.0 = Debug|Any CPU
		{1F8E835B-8853-4755-ABA0-F421EEB2751B}.Debug|iPhone.ActiveCfg = Debug|Any CPU
		{1F8E835B-8853-4755-ABA0-F421EEB2751B}.Debug|iPhone.Build.0 = Debug|Any CPU
		{1F8E835B-8853-4755-ABA0-F421EEB2751B}.Debug|iPhone.Deploy.0 = Debug|Any CPU
		{1F8E835B-8853-4755-ABA0-F421EEB2751B}.Debug|iPhoneSimulator.ActiveCfg = Debug|Any CPU
		{1F8E835B-8853-4755-ABA0-F421EEB2751B}.Debug|iPhoneSimulator.Build.0 = Debug|Any CPU
		{1F8E835B-8853-4755-ABA0-F421EEB2751B}.Debug|iPhoneSimulator.Deploy.0 = Debug|Any CPU
		{1F8E835B-8853-4755-ABA0-F421EEB2751B}.Debug|x64.ActiveCfg = Debug|Any CPU
		{1F8E835B-8853-4755-ABA0-F421EEB2751B}.Debug|x64.Build.0 = Debug|Any CPU
		{1F8E835B-8853-4755-ABA0-F421EEB2751B}.Debug|x64.Deploy.0 = Debug|Any CPU
		{1F8E835B-8853-4755-ABA0-F421EEB2751B}.Debug|x86.ActiveCfg = Debug|Any CPU
		{1F8E835B-8853-4755-ABA0-F421EEB2751B}.Debug|x86.Build.0 = Debug|Any CPU
		{1F8E835B-8853-4755-ABA0-F421EEB2751B}.Debug|x86.Deploy.0 = Debug|Any CPU
		{1F8E835B-8853-4755-ABA0-F421EEB2751B}.Release|Any CPU.ActiveCfg = Release|Any CPU
		{1F8E835B-8853-4755-ABA0-F421EEB2751B}.Release|Any CPU.Build.0 = Release|Any CPU
		{1F8E835B-8853-4755-ABA0-F421EEB2751B}.Release|Any CPU.Deploy.0 = Release|Any CPU
		{1F8E835B-8853-4755-ABA0-F421EEB2751B}.Release|iPhone.ActiveCfg = Release|Any CPU
		{1F8E835B-8853-4755-ABA0-F421EEB2751B}.Release|iPhone.Build.0 = Release|Any CPU
		{1F8E835B-8853-4755-ABA0-F421EEB2751B}.Release|iPhone.Deploy.0 = Release|Any CPU
		{1F8E835B-8853-4755-ABA0-F421EEB2751B}.Release|iPhoneSimulator.ActiveCfg = Release|Any CPU
		{1F8E835B-8853-4755-ABA0-F421EEB2751B}.Release|iPhoneSimulator.Build.0 = Release|Any CPU
		{1F8E835B-8853-4755-ABA0-F421EEB2751B}.Release|iPhoneSimulator.Deploy.0 = Release|Any CPU
		{1F8E835B-8853-4755-ABA0-F421EEB2751B}.Release|x64.ActiveCfg = Release|Any CPU
		{1F8E835B-8853-4755-ABA0-F421EEB2751B}.Release|x64.Build.0 = Release|Any CPU
		{1F8E835B-8853-4755-ABA0-F421EEB2751B}.Release|x64.Deploy.0 = Release|Any CPU
		{1F8E835B-8853-4755-ABA0-F421EEB2751B}.Release|x86.ActiveCfg = Release|Any CPU
		{1F8E835B-8853-4755-ABA0-F421EEB2751B}.Release|x86.Build.0 = Release|Any CPU
		{1F8E835B-8853-4755-ABA0-F421EEB2751B}.Release|x86.Deploy.0 = Release|Any CPU
		{0DB822BC-FAD9-496B-AC8E-F880B02A4590}.Debug|Any CPU.ActiveCfg = Debug|Any CPU
		{0DB822BC-FAD9-496B-AC8E-F880B02A4590}.Debug|Any CPU.Build.0 = Debug|Any CPU
		{0DB822BC-FAD9-496B-AC8E-F880B02A4590}.Debug|iPhone.ActiveCfg = Debug|Any CPU
		{0DB822BC-FAD9-496B-AC8E-F880B02A4590}.Debug|iPhone.Build.0 = Debug|Any CPU
		{0DB822BC-FAD9-496B-AC8E-F880B02A4590}.Debug|iPhoneSimulator.ActiveCfg = Debug|Any CPU
		{0DB822BC-FAD9-496B-AC8E-F880B02A4590}.Debug|iPhoneSimulator.Build.0 = Debug|Any CPU
		{0DB822BC-FAD9-496B-AC8E-F880B02A4590}.Debug|x64.ActiveCfg = Debug|Any CPU
		{0DB822BC-FAD9-496B-AC8E-F880B02A4590}.Debug|x64.Build.0 = Debug|Any CPU
		{0DB822BC-FAD9-496B-AC8E-F880B02A4590}.Debug|x86.ActiveCfg = Debug|Any CPU
		{0DB822BC-FAD9-496B-AC8E-F880B02A4590}.Debug|x86.Build.0 = Debug|Any CPU
		{0DB822BC-FAD9-496B-AC8E-F880B02A4590}.Release|Any CPU.ActiveCfg = Release|Any CPU
		{0DB822BC-FAD9-496B-AC8E-F880B02A4590}.Release|Any CPU.Build.0 = Release|Any CPU
		{0DB822BC-FAD9-496B-AC8E-F880B02A4590}.Release|iPhone.ActiveCfg = Release|Any CPU
		{0DB822BC-FAD9-496B-AC8E-F880B02A4590}.Release|iPhone.Build.0 = Release|Any CPU
		{0DB822BC-FAD9-496B-AC8E-F880B02A4590}.Release|iPhoneSimulator.ActiveCfg = Release|Any CPU
		{0DB822BC-FAD9-496B-AC8E-F880B02A4590}.Release|iPhoneSimulator.Build.0 = Release|Any CPU
		{0DB822BC-FAD9-496B-AC8E-F880B02A4590}.Release|x64.ActiveCfg = Release|Any CPU
		{0DB822BC-FAD9-496B-AC8E-F880B02A4590}.Release|x64.Build.0 = Release|Any CPU
		{0DB822BC-FAD9-496B-AC8E-F880B02A4590}.Release|x86.ActiveCfg = Release|Any CPU
		{0DB822BC-FAD9-496B-AC8E-F880B02A4590}.Release|x86.Build.0 = Release|Any CPU
		{52448BC4-674D-46EE-857A-269FCA035F67}.Debug|Any CPU.ActiveCfg = Debug|Any CPU
		{52448BC4-674D-46EE-857A-269FCA035F67}.Debug|Any CPU.Build.0 = Debug|Any CPU
		{52448BC4-674D-46EE-857A-269FCA035F67}.Debug|iPhone.ActiveCfg = Debug|Any CPU
		{52448BC4-674D-46EE-857A-269FCA035F67}.Debug|iPhone.Build.0 = Debug|Any CPU
		{52448BC4-674D-46EE-857A-269FCA035F67}.Debug|iPhoneSimulator.ActiveCfg = Debug|Any CPU
		{52448BC4-674D-46EE-857A-269FCA035F67}.Debug|iPhoneSimulator.Build.0 = Debug|Any CPU
		{52448BC4-674D-46EE-857A-269FCA035F67}.Debug|x64.ActiveCfg = Debug|Any CPU
		{52448BC4-674D-46EE-857A-269FCA035F67}.Debug|x64.Build.0 = Debug|Any CPU
		{52448BC4-674D-46EE-857A-269FCA035F67}.Debug|x86.ActiveCfg = Debug|Any CPU
		{52448BC4-674D-46EE-857A-269FCA035F67}.Debug|x86.Build.0 = Debug|Any CPU
		{52448BC4-674D-46EE-857A-269FCA035F67}.Release|Any CPU.ActiveCfg = Release|Any CPU
		{52448BC4-674D-46EE-857A-269FCA035F67}.Release|Any CPU.Build.0 = Release|Any CPU
		{52448BC4-674D-46EE-857A-269FCA035F67}.Release|iPhone.ActiveCfg = Release|Any CPU
		{52448BC4-674D-46EE-857A-269FCA035F67}.Release|iPhone.Build.0 = Release|Any CPU
		{52448BC4-674D-46EE-857A-269FCA035F67}.Release|iPhoneSimulator.ActiveCfg = Release|Any CPU
		{52448BC4-674D-46EE-857A-269FCA035F67}.Release|iPhoneSimulator.Build.0 = Release|Any CPU
		{52448BC4-674D-46EE-857A-269FCA035F67}.Release|x64.ActiveCfg = Release|Any CPU
		{52448BC4-674D-46EE-857A-269FCA035F67}.Release|x64.Build.0 = Release|Any CPU
		{52448BC4-674D-46EE-857A-269FCA035F67}.Release|x86.ActiveCfg = Release|Any CPU
		{52448BC4-674D-46EE-857A-269FCA035F67}.Release|x86.Build.0 = Release|Any CPU
		{C4D547CD-1ABD-45E6-B2C7-EF3C3AD0B775}.Debug|Any CPU.ActiveCfg = Debug|iPhoneSimulator
		{C4D547CD-1ABD-45E6-B2C7-EF3C3AD0B775}.Debug|Any CPU.Build.0 = Debug|iPhoneSimulator
		{C4D547CD-1ABD-45E6-B2C7-EF3C3AD0B775}.Debug|iPhone.ActiveCfg = Debug|iPhone
		{C4D547CD-1ABD-45E6-B2C7-EF3C3AD0B775}.Debug|iPhone.Build.0 = Debug|iPhone
		{C4D547CD-1ABD-45E6-B2C7-EF3C3AD0B775}.Debug|iPhoneSimulator.ActiveCfg = Debug|iPhoneSimulator
		{C4D547CD-1ABD-45E6-B2C7-EF3C3AD0B775}.Debug|iPhoneSimulator.Build.0 = Debug|iPhoneSimulator
		{C4D547CD-1ABD-45E6-B2C7-EF3C3AD0B775}.Debug|x64.ActiveCfg = Debug|iPhone
		{C4D547CD-1ABD-45E6-B2C7-EF3C3AD0B775}.Debug|x86.ActiveCfg = Debug|iPhoneSimulator
		{C4D547CD-1ABD-45E6-B2C7-EF3C3AD0B775}.Debug|x86.Build.0 = Debug|iPhoneSimulator
		{C4D547CD-1ABD-45E6-B2C7-EF3C3AD0B775}.Release|Any CPU.ActiveCfg = Release|iPhone
		{C4D547CD-1ABD-45E6-B2C7-EF3C3AD0B775}.Release|Any CPU.Build.0 = Release|iPhone
		{C4D547CD-1ABD-45E6-B2C7-EF3C3AD0B775}.Release|iPhone.ActiveCfg = Release|iPhone
		{C4D547CD-1ABD-45E6-B2C7-EF3C3AD0B775}.Release|iPhone.Build.0 = Release|iPhone
		{C4D547CD-1ABD-45E6-B2C7-EF3C3AD0B775}.Release|iPhoneSimulator.ActiveCfg = Release|iPhoneSimulator
		{C4D547CD-1ABD-45E6-B2C7-EF3C3AD0B775}.Release|iPhoneSimulator.Build.0 = Release|iPhoneSimulator
		{C4D547CD-1ABD-45E6-B2C7-EF3C3AD0B775}.Release|x64.ActiveCfg = Release|iPhoneSimulator
		{C4D547CD-1ABD-45E6-B2C7-EF3C3AD0B775}.Release|x86.ActiveCfg = Release|iPhone
		{C4D547CD-1ABD-45E6-B2C7-EF3C3AD0B775}.Release|x86.Build.0 = Release|iPhone
		{A26B9CA3-AFD5-496C-B52D-F50CF145455B}.Debug|Any CPU.ActiveCfg = Debug|Any CPU
		{A26B9CA3-AFD5-496C-B52D-F50CF145455B}.Debug|Any CPU.Build.0 = Debug|Any CPU
		{A26B9CA3-AFD5-496C-B52D-F50CF145455B}.Debug|iPhone.ActiveCfg = Debug|Any CPU
		{A26B9CA3-AFD5-496C-B52D-F50CF145455B}.Debug|iPhone.Build.0 = Debug|Any CPU
		{A26B9CA3-AFD5-496C-B52D-F50CF145455B}.Debug|iPhoneSimulator.ActiveCfg = Debug|Any CPU
		{A26B9CA3-AFD5-496C-B52D-F50CF145455B}.Debug|iPhoneSimulator.Build.0 = Debug|Any CPU
		{A26B9CA3-AFD5-496C-B52D-F50CF145455B}.Debug|x64.ActiveCfg = Debug|Any CPU
		{A26B9CA3-AFD5-496C-B52D-F50CF145455B}.Debug|x64.Build.0 = Debug|Any CPU
		{A26B9CA3-AFD5-496C-B52D-F50CF145455B}.Debug|x86.ActiveCfg = Debug|Any CPU
		{A26B9CA3-AFD5-496C-B52D-F50CF145455B}.Debug|x86.Build.0 = Debug|Any CPU
		{A26B9CA3-AFD5-496C-B52D-F50CF145455B}.Release|Any CPU.ActiveCfg = Release|Any CPU
		{A26B9CA3-AFD5-496C-B52D-F50CF145455B}.Release|Any CPU.Build.0 = Release|Any CPU
		{A26B9CA3-AFD5-496C-B52D-F50CF145455B}.Release|iPhone.ActiveCfg = Release|Any CPU
		{A26B9CA3-AFD5-496C-B52D-F50CF145455B}.Release|iPhone.Build.0 = Release|Any CPU
		{A26B9CA3-AFD5-496C-B52D-F50CF145455B}.Release|iPhoneSimulator.ActiveCfg = Release|Any CPU
		{A26B9CA3-AFD5-496C-B52D-F50CF145455B}.Release|iPhoneSimulator.Build.0 = Release|Any CPU
		{A26B9CA3-AFD5-496C-B52D-F50CF145455B}.Release|x64.ActiveCfg = Release|Any CPU
		{A26B9CA3-AFD5-496C-B52D-F50CF145455B}.Release|x64.Build.0 = Release|Any CPU
		{A26B9CA3-AFD5-496C-B52D-F50CF145455B}.Release|x86.ActiveCfg = Release|Any CPU
		{A26B9CA3-AFD5-496C-B52D-F50CF145455B}.Release|x86.Build.0 = Release|Any CPU
		{374925C7-4EB8-4ACB-BB25-A3DD65112218}.Debug|Any CPU.ActiveCfg = Debug|Any CPU
		{374925C7-4EB8-4ACB-BB25-A3DD65112218}.Debug|Any CPU.Build.0 = Debug|Any CPU
		{374925C7-4EB8-4ACB-BB25-A3DD65112218}.Debug|iPhone.ActiveCfg = Debug|Any CPU
		{374925C7-4EB8-4ACB-BB25-A3DD65112218}.Debug|iPhone.Build.0 = Debug|Any CPU
		{374925C7-4EB8-4ACB-BB25-A3DD65112218}.Debug|iPhoneSimulator.ActiveCfg = Debug|Any CPU
		{374925C7-4EB8-4ACB-BB25-A3DD65112218}.Debug|iPhoneSimulator.Build.0 = Debug|Any CPU
		{374925C7-4EB8-4ACB-BB25-A3DD65112218}.Debug|x64.ActiveCfg = Debug|Any CPU
		{374925C7-4EB8-4ACB-BB25-A3DD65112218}.Debug|x64.Build.0 = Debug|Any CPU
		{374925C7-4EB8-4ACB-BB25-A3DD65112218}.Debug|x86.ActiveCfg = Debug|Any CPU
		{374925C7-4EB8-4ACB-BB25-A3DD65112218}.Debug|x86.Build.0 = Debug|Any CPU
		{374925C7-4EB8-4ACB-BB25-A3DD65112218}.Release|Any CPU.ActiveCfg = Release|Any CPU
		{374925C7-4EB8-4ACB-BB25-A3DD65112218}.Release|Any CPU.Build.0 = Release|Any CPU
		{374925C7-4EB8-4ACB-BB25-A3DD65112218}.Release|iPhone.ActiveCfg = Release|Any CPU
		{374925C7-4EB8-4ACB-BB25-A3DD65112218}.Release|iPhone.Build.0 = Release|Any CPU
		{374925C7-4EB8-4ACB-BB25-A3DD65112218}.Release|iPhoneSimulator.ActiveCfg = Release|Any CPU
		{374925C7-4EB8-4ACB-BB25-A3DD65112218}.Release|iPhoneSimulator.Build.0 = Release|Any CPU
		{374925C7-4EB8-4ACB-BB25-A3DD65112218}.Release|x64.ActiveCfg = Release|Any CPU
		{374925C7-4EB8-4ACB-BB25-A3DD65112218}.Release|x64.Build.0 = Release|Any CPU
		{374925C7-4EB8-4ACB-BB25-A3DD65112218}.Release|x86.ActiveCfg = Release|Any CPU
		{374925C7-4EB8-4ACB-BB25-A3DD65112218}.Release|x86.Build.0 = Release|Any CPU
		{F8783A31-77C7-4C52-9E13-698FE20DC4A3}.Debug|Any CPU.ActiveCfg = Debug|Any CPU
		{F8783A31-77C7-4C52-9E13-698FE20DC4A3}.Debug|Any CPU.Build.0 = Debug|Any CPU
		{F8783A31-77C7-4C52-9E13-698FE20DC4A3}.Debug|iPhone.ActiveCfg = Debug|Any CPU
		{F8783A31-77C7-4C52-9E13-698FE20DC4A3}.Debug|iPhone.Build.0 = Debug|Any CPU
		{F8783A31-77C7-4C52-9E13-698FE20DC4A3}.Debug|iPhoneSimulator.ActiveCfg = Debug|Any CPU
		{F8783A31-77C7-4C52-9E13-698FE20DC4A3}.Debug|iPhoneSimulator.Build.0 = Debug|Any CPU
		{F8783A31-77C7-4C52-9E13-698FE20DC4A3}.Debug|x64.ActiveCfg = Debug|Any CPU
		{F8783A31-77C7-4C52-9E13-698FE20DC4A3}.Debug|x64.Build.0 = Debug|Any CPU
		{F8783A31-77C7-4C52-9E13-698FE20DC4A3}.Debug|x86.ActiveCfg = Debug|Any CPU
		{F8783A31-77C7-4C52-9E13-698FE20DC4A3}.Debug|x86.Build.0 = Debug|Any CPU
		{F8783A31-77C7-4C52-9E13-698FE20DC4A3}.Release|Any CPU.ActiveCfg = Release|Any CPU
		{F8783A31-77C7-4C52-9E13-698FE20DC4A3}.Release|Any CPU.Build.0 = Release|Any CPU
		{F8783A31-77C7-4C52-9E13-698FE20DC4A3}.Release|iPhone.ActiveCfg = Release|Any CPU
		{F8783A31-77C7-4C52-9E13-698FE20DC4A3}.Release|iPhone.Build.0 = Release|Any CPU
		{F8783A31-77C7-4C52-9E13-698FE20DC4A3}.Release|iPhoneSimulator.ActiveCfg = Release|Any CPU
		{F8783A31-77C7-4C52-9E13-698FE20DC4A3}.Release|iPhoneSimulator.Build.0 = Release|Any CPU
		{F8783A31-77C7-4C52-9E13-698FE20DC4A3}.Release|x64.ActiveCfg = Release|Any CPU
		{F8783A31-77C7-4C52-9E13-698FE20DC4A3}.Release|x64.Build.0 = Release|Any CPU
		{F8783A31-77C7-4C52-9E13-698FE20DC4A3}.Release|x86.ActiveCfg = Release|Any CPU
		{F8783A31-77C7-4C52-9E13-698FE20DC4A3}.Release|x86.Build.0 = Release|Any CPU
		{08295E02-DE64-41DF-B647-C6A8716CE816}.Debug|Any CPU.ActiveCfg = Debug|Any CPU
		{08295E02-DE64-41DF-B647-C6A8716CE816}.Debug|Any CPU.Build.0 = Debug|Any CPU
		{08295E02-DE64-41DF-B647-C6A8716CE816}.Debug|iPhone.ActiveCfg = Debug|Any CPU
		{08295E02-DE64-41DF-B647-C6A8716CE816}.Debug|iPhone.Build.0 = Debug|Any CPU
		{08295E02-DE64-41DF-B647-C6A8716CE816}.Debug|iPhoneSimulator.ActiveCfg = Debug|Any CPU
		{08295E02-DE64-41DF-B647-C6A8716CE816}.Debug|iPhoneSimulator.Build.0 = Debug|Any CPU
		{08295E02-DE64-41DF-B647-C6A8716CE816}.Debug|x64.ActiveCfg = Debug|Any CPU
		{08295E02-DE64-41DF-B647-C6A8716CE816}.Debug|x64.Build.0 = Debug|Any CPU
		{08295E02-DE64-41DF-B647-C6A8716CE816}.Debug|x86.ActiveCfg = Debug|Any CPU
		{08295E02-DE64-41DF-B647-C6A8716CE816}.Debug|x86.Build.0 = Debug|Any CPU
		{08295E02-DE64-41DF-B647-C6A8716CE816}.Release|Any CPU.ActiveCfg = Release|Any CPU
		{08295E02-DE64-41DF-B647-C6A8716CE816}.Release|Any CPU.Build.0 = Release|Any CPU
		{08295E02-DE64-41DF-B647-C6A8716CE816}.Release|iPhone.ActiveCfg = Release|Any CPU
		{08295E02-DE64-41DF-B647-C6A8716CE816}.Release|iPhone.Build.0 = Release|Any CPU
		{08295E02-DE64-41DF-B647-C6A8716CE816}.Release|iPhoneSimulator.ActiveCfg = Release|Any CPU
		{08295E02-DE64-41DF-B647-C6A8716CE816}.Release|iPhoneSimulator.Build.0 = Release|Any CPU
		{08295E02-DE64-41DF-B647-C6A8716CE816}.Release|x64.ActiveCfg = Release|Any CPU
		{08295E02-DE64-41DF-B647-C6A8716CE816}.Release|x64.Build.0 = Release|Any CPU
		{08295E02-DE64-41DF-B647-C6A8716CE816}.Release|x86.ActiveCfg = Release|Any CPU
		{08295E02-DE64-41DF-B647-C6A8716CE816}.Release|x86.Build.0 = Release|Any CPU
		{B418C3D4-ACDC-4CF1-9EBC-670F88A6959C}.Debug|Any CPU.ActiveCfg = Debug|Any CPU
		{B418C3D4-ACDC-4CF1-9EBC-670F88A6959C}.Debug|Any CPU.Build.0 = Debug|Any CPU
		{B418C3D4-ACDC-4CF1-9EBC-670F88A6959C}.Debug|Any CPU.Deploy.0 = Debug|Any CPU
		{B418C3D4-ACDC-4CF1-9EBC-670F88A6959C}.Debug|iPhone.ActiveCfg = Debug|Any CPU
		{B418C3D4-ACDC-4CF1-9EBC-670F88A6959C}.Debug|iPhone.Build.0 = Debug|Any CPU
		{B418C3D4-ACDC-4CF1-9EBC-670F88A6959C}.Debug|iPhone.Deploy.0 = Debug|Any CPU
		{B418C3D4-ACDC-4CF1-9EBC-670F88A6959C}.Debug|iPhoneSimulator.ActiveCfg = Debug|Any CPU
		{B418C3D4-ACDC-4CF1-9EBC-670F88A6959C}.Debug|iPhoneSimulator.Build.0 = Debug|Any CPU
		{B418C3D4-ACDC-4CF1-9EBC-670F88A6959C}.Debug|iPhoneSimulator.Deploy.0 = Debug|Any CPU
		{B418C3D4-ACDC-4CF1-9EBC-670F88A6959C}.Debug|x64.ActiveCfg = Debug|Any CPU
		{B418C3D4-ACDC-4CF1-9EBC-670F88A6959C}.Debug|x64.Build.0 = Debug|Any CPU
		{B418C3D4-ACDC-4CF1-9EBC-670F88A6959C}.Debug|x64.Deploy.0 = Debug|Any CPU
		{B418C3D4-ACDC-4CF1-9EBC-670F88A6959C}.Debug|x86.ActiveCfg = Debug|Any CPU
		{B418C3D4-ACDC-4CF1-9EBC-670F88A6959C}.Debug|x86.Build.0 = Debug|Any CPU
		{B418C3D4-ACDC-4CF1-9EBC-670F88A6959C}.Debug|x86.Deploy.0 = Debug|Any CPU
		{B418C3D4-ACDC-4CF1-9EBC-670F88A6959C}.Release|Any CPU.ActiveCfg = Release|Any CPU
		{B418C3D4-ACDC-4CF1-9EBC-670F88A6959C}.Release|Any CPU.Build.0 = Release|Any CPU
		{B418C3D4-ACDC-4CF1-9EBC-670F88A6959C}.Release|Any CPU.Deploy.0 = Release|Any CPU
		{B418C3D4-ACDC-4CF1-9EBC-670F88A6959C}.Release|iPhone.ActiveCfg = Release|Any CPU
		{B418C3D4-ACDC-4CF1-9EBC-670F88A6959C}.Release|iPhone.Build.0 = Release|Any CPU
		{B418C3D4-ACDC-4CF1-9EBC-670F88A6959C}.Release|iPhone.Deploy.0 = Release|Any CPU
		{B418C3D4-ACDC-4CF1-9EBC-670F88A6959C}.Release|iPhoneSimulator.ActiveCfg = Release|Any CPU
		{B418C3D4-ACDC-4CF1-9EBC-670F88A6959C}.Release|iPhoneSimulator.Build.0 = Release|Any CPU
		{B418C3D4-ACDC-4CF1-9EBC-670F88A6959C}.Release|iPhoneSimulator.Deploy.0 = Release|Any CPU
		{B418C3D4-ACDC-4CF1-9EBC-670F88A6959C}.Release|x64.ActiveCfg = Release|Any CPU
		{B418C3D4-ACDC-4CF1-9EBC-670F88A6959C}.Release|x64.Build.0 = Release|Any CPU
		{B418C3D4-ACDC-4CF1-9EBC-670F88A6959C}.Release|x64.Deploy.0 = Release|Any CPU
		{B418C3D4-ACDC-4CF1-9EBC-670F88A6959C}.Release|x86.ActiveCfg = Release|Any CPU
		{B418C3D4-ACDC-4CF1-9EBC-670F88A6959C}.Release|x86.Build.0 = Release|Any CPU
		{B418C3D4-ACDC-4CF1-9EBC-670F88A6959C}.Release|x86.Deploy.0 = Release|Any CPU
	EndGlobalSection
	GlobalSection(SolutionProperties) = preSolution
		HideSolutionNode = FALSE
	EndGlobalSection
	GlobalSection(MonoDevelopProperties) = preSolution
		Policies = $0
		$0.TextStylePolicy = $3
		$1.FileWidth = 120
		$1.TabWidth = 3
		$1.IndentWidth = 3
		$1.inheritsSet = Mono
		$1.inheritsScope = text/plain
		$1.scope = text/x-csharp
		$0.CSharpFormattingPolicy = $2
		$2.IndentSwitchSection = True
		$2.NewLineForMembersInObjectInit = True
		$2.NewLineForMembersInAnonymousTypes = True
		$2.NewLineForClausesInQuery = True
		$2.SpacingAfterMethodDeclarationName = False
		$2.SpaceAfterMethodCallName = False
		$2.SpaceBeforeOpenSquareBracket = False
		$2.inheritsSet = Mono
		$2.inheritsScope = text/x-csharp
		$2.scope = text/x-csharp
		$2.NewLinesForBracesInTypes = False
		$2.NewLinesForBracesInMethods = False
		$3.inheritsSet = null
		$3.scope = application/x-csproject
		$0.XmlFormattingPolicy = $4
		$4.inheritsSet = null
		$4.scope = application/x-csproject
	EndGlobalSection
EndGlobal
